// !$*UTF8*$!
{
	archiveVersion = 1;
	classes = {
	};
	objectVersion = 52;
	objects = {

/* Begin PBXBuildFile section */
		4240C987252FFAC10027AC99 /* ApiHelper.swift in Sources */ = {isa = PBXBuildFile; fileRef = 4240C970252FFAC00027AC99 /* ApiHelper.swift */; };
		4240C988252FFAC10027AC99 /* ApiHelper.swift in Sources */ = {isa = PBXBuildFile; fileRef = 4240C970252FFAC00027AC99 /* ApiHelper.swift */; };
		4240C989252FFAC10027AC99 /* BackendAgent.swift in Sources */ = {isa = PBXBuildFile; fileRef = 4240C971252FFAC00027AC99 /* BackendAgent.swift */; };
		4240C98A252FFAC10027AC99 /* BackendAgent.swift in Sources */ = {isa = PBXBuildFile; fileRef = 4240C971252FFAC00027AC99 /* BackendAgent.swift */; };
		4240C98B252FFAC10027AC99 /* Preview.swift in Sources */ = {isa = PBXBuildFile; fileRef = 4240C972252FFAC00027AC99 /* Preview.swift */; };
		4240C98C252FFAC10027AC99 /* Preview.swift in Sources */ = {isa = PBXBuildFile; fileRef = 4240C972252FFAC00027AC99 /* Preview.swift */; };
		4240C98D252FFAC10027AC99 /* Extentsion.swift in Sources */ = {isa = PBXBuildFile; fileRef = 4240C973252FFAC00027AC99 /* Extentsion.swift */; };
		4240C98E252FFAC10027AC99 /* Extentsion.swift in Sources */ = {isa = PBXBuildFile; fileRef = 4240C973252FFAC00027AC99 /* Extentsion.swift */; };
		4240C98F252FFAC10027AC99 /* BackendAgent+Request.swift in Sources */ = {isa = PBXBuildFile; fileRef = 4240C974252FFAC00027AC99 /* BackendAgent+Request.swift */; };
		4240C990252FFAC10027AC99 /* BackendAgent+Request.swift in Sources */ = {isa = PBXBuildFile; fileRef = 4240C974252FFAC00027AC99 /* BackendAgent+Request.swift */; };
		4240C991252FFAC10027AC99 /* HealthChecker.swift in Sources */ = {isa = PBXBuildFile; fileRef = 4240C975252FFAC00027AC99 /* HealthChecker.swift */; };
		4240C992252FFAC10027AC99 /* HealthChecker.swift in Sources */ = {isa = PBXBuildFile; fileRef = 4240C975252FFAC00027AC99 /* HealthChecker.swift */; };
		4240C993252FFAC10027AC99 /* CoreData.swift in Sources */ = {isa = PBXBuildFile; fileRef = 4240C976252FFAC00027AC99 /* CoreData.swift */; };
		4240C994252FFAC10027AC99 /* CoreData.swift in Sources */ = {isa = PBXBuildFile; fileRef = 4240C976252FFAC00027AC99 /* CoreData.swift */; };
		4240C995252FFAC10027AC99 /* List.swift in Sources */ = {isa = PBXBuildFile; fileRef = 4240C977252FFAC00027AC99 /* List.swift */; };
		4240C996252FFAC10027AC99 /* List.swift in Sources */ = {isa = PBXBuildFile; fileRef = 4240C977252FFAC00027AC99 /* List.swift */; };
		4240C997252FFAC10027AC99 /* Mock.swift in Sources */ = {isa = PBXBuildFile; fileRef = 4240C978252FFAC00027AC99 /* Mock.swift */; };
		4240C998252FFAC10027AC99 /* Mock.swift in Sources */ = {isa = PBXBuildFile; fileRef = 4240C978252FFAC00027AC99 /* Mock.swift */; };
		4240C999252FFAC10027AC99 /* EntityExtension.swift in Sources */ = {isa = PBXBuildFile; fileRef = 4240C979252FFAC00027AC99 /* EntityExtension.swift */; };
		4240C99A252FFAC10027AC99 /* EntityExtension.swift in Sources */ = {isa = PBXBuildFile; fileRef = 4240C979252FFAC00027AC99 /* EntityExtension.swift */; };
		4240C99B252FFAC10027AC99 /* Time.swift in Sources */ = {isa = PBXBuildFile; fileRef = 4240C97A252FFAC00027AC99 /* Time.swift */; };
		4240C99C252FFAC10027AC99 /* Time.swift in Sources */ = {isa = PBXBuildFile; fileRef = 4240C97A252FFAC00027AC99 /* Time.swift */; };
		4240C99D252FFAC10027AC99 /* Tools.swift in Sources */ = {isa = PBXBuildFile; fileRef = 4240C97B252FFAC00027AC99 /* Tools.swift */; };
		4240C99E252FFAC10027AC99 /* Tools.swift in Sources */ = {isa = PBXBuildFile; fileRef = 4240C97B252FFAC00027AC99 /* Tools.swift */; };
		4240C99F252FFAC10027AC99 /* Text.swift in Sources */ = {isa = PBXBuildFile; fileRef = 4240C97C252FFAC00027AC99 /* Text.swift */; };
		4240C9A0252FFAC10027AC99 /* Text.swift in Sources */ = {isa = PBXBuildFile; fileRef = 4240C97C252FFAC00027AC99 /* Text.swift */; };
		4240C9A1252FFAC10027AC99 /* HistoryData.swift in Sources */ = {isa = PBXBuildFile; fileRef = 4240C97D252FFAC00027AC99 /* HistoryData.swift */; };
		4240C9A2252FFAC10027AC99 /* HistoryData.swift in Sources */ = {isa = PBXBuildFile; fileRef = 4240C97D252FFAC00027AC99 /* HistoryData.swift */; };
		4240C9A3252FFAC10027AC99 /* JSON.swift in Sources */ = {isa = PBXBuildFile; fileRef = 4240C97E252FFAC00027AC99 /* JSON.swift */; };
		4240C9A4252FFAC10027AC99 /* JSON.swift in Sources */ = {isa = PBXBuildFile; fileRef = 4240C97E252FFAC00027AC99 /* JSON.swift */; };
		4240C9A5252FFAC10027AC99 /* LoginManager.swift in Sources */ = {isa = PBXBuildFile; fileRef = 4240C97F252FFAC10027AC99 /* LoginManager.swift */; };
		4240C9A6252FFAC10027AC99 /* LoginManager.swift in Sources */ = {isa = PBXBuildFile; fileRef = 4240C97F252FFAC10027AC99 /* LoginManager.swift */; };
		4240C9A7252FFAC10027AC99 /* SwiftyJSON.swift in Sources */ = {isa = PBXBuildFile; fileRef = 4240C980252FFAC10027AC99 /* SwiftyJSON.swift */; };
		4240C9A8252FFAC10027AC99 /* SwiftyJSON.swift in Sources */ = {isa = PBXBuildFile; fileRef = 4240C980252FFAC10027AC99 /* SwiftyJSON.swift */; };
		4240C9A9252FFAC10027AC99 /* Debug.swift in Sources */ = {isa = PBXBuildFile; fileRef = 4240C981252FFAC10027AC99 /* Debug.swift */; };
		4240C9AA252FFAC10027AC99 /* Debug.swift in Sources */ = {isa = PBXBuildFile; fileRef = 4240C981252FFAC10027AC99 /* Debug.swift */; };
		4240C9AB252FFAC10027AC99 /* File.swift in Sources */ = {isa = PBXBuildFile; fileRef = 4240C982252FFAC10027AC99 /* File.swift */; };
		4240C9AC252FFAC10027AC99 /* File.swift in Sources */ = {isa = PBXBuildFile; fileRef = 4240C982252FFAC10027AC99 /* File.swift */; };
		4240C9AD252FFAC10027AC99 /* DataSource.swift in Sources */ = {isa = PBXBuildFile; fileRef = 4240C983252FFAC10027AC99 /* DataSource.swift */; };
		4240C9AE252FFAC10027AC99 /* DataSource.swift in Sources */ = {isa = PBXBuildFile; fileRef = 4240C983252FFAC10027AC99 /* DataSource.swift */; };
		4240C9AF252FFAC10027AC99 /* View.swift in Sources */ = {isa = PBXBuildFile; fileRef = 4240C984252FFAC10027AC99 /* View.swift */; };
		4240C9B0252FFAC10027AC99 /* View.swift in Sources */ = {isa = PBXBuildFile; fileRef = 4240C984252FFAC10027AC99 /* View.swift */; };
		4240C9B1252FFAC10027AC99 /* Loadable.swift in Sources */ = {isa = PBXBuildFile; fileRef = 4240C985252FFAC10027AC99 /* Loadable.swift */; };
		4240C9B2252FFAC10027AC99 /* Loadable.swift in Sources */ = {isa = PBXBuildFile; fileRef = 4240C985252FFAC10027AC99 /* Loadable.swift */; };
		4240C9B3252FFAC10027AC99 /* URL.swift in Sources */ = {isa = PBXBuildFile; fileRef = 4240C986252FFAC10027AC99 /* URL.swift */; };
		4240C9B4252FFAC10027AC99 /* URL.swift in Sources */ = {isa = PBXBuildFile; fileRef = 4240C986252FFAC10027AC99 /* URL.swift */; };
		4240C9E1252FFB660027AC99 /* ScanLogDetail.swift in Sources */ = {isa = PBXBuildFile; fileRef = 4240C9DD252FFB650027AC99 /* ScanLogDetail.swift */; };
		4240C9E2252FFB660027AC99 /* ScanLogDetail.swift in Sources */ = {isa = PBXBuildFile; fileRef = 4240C9DD252FFB650027AC99 /* ScanLogDetail.swift */; };
		4240C9E3252FFB660027AC99 /* EndPoint.swift in Sources */ = {isa = PBXBuildFile; fileRef = 4240C9DE252FFB650027AC99 /* EndPoint.swift */; };
		4240C9E4252FFB660027AC99 /* EndPoint.swift in Sources */ = {isa = PBXBuildFile; fileRef = 4240C9DE252FFB650027AC99 /* EndPoint.swift */; };
		4240C9E5252FFB660027AC99 /* RecordItem.swift in Sources */ = {isa = PBXBuildFile; fileRef = 4240C9DF252FFB650027AC99 /* RecordItem.swift */; };
		4240C9E6252FFB660027AC99 /* RecordItem.swift in Sources */ = {isa = PBXBuildFile; fileRef = 4240C9DF252FFB650027AC99 /* RecordItem.swift */; };
		4240C9E7252FFB660027AC99 /* ScanLog.swift in Sources */ = {isa = PBXBuildFile; fileRef = 4240C9E0252FFB660027AC99 /* ScanLog.swift */; };
		4240C9E8252FFB660027AC99 /* ScanLog.swift in Sources */ = {isa = PBXBuildFile; fileRef = 4240C9E0252FFB660027AC99 /* ScanLog.swift */; };
		4240CA03253002F20027AC99 /* EmptyView.swift in Sources */ = {isa = PBXBuildFile; fileRef = 4240C9FE253002F20027AC99 /* EmptyView.swift */; };
		4240CA04253002F20027AC99 /* EmptyView.swift in Sources */ = {isa = PBXBuildFile; fileRef = 4240C9FE253002F20027AC99 /* EmptyView.swift */; };
		4240CA05253002F20027AC99 /* LoadableTemplateView.swift in Sources */ = {isa = PBXBuildFile; fileRef = 4240C9FF253002F20027AC99 /* LoadableTemplateView.swift */; };
		4240CA06253002F20027AC99 /* LoadableTemplateView.swift in Sources */ = {isa = PBXBuildFile; fileRef = 4240C9FF253002F20027AC99 /* LoadableTemplateView.swift */; };
		4240CA07253002F20027AC99 /* LoadableView.swift in Sources */ = {isa = PBXBuildFile; fileRef = 4240CA00253002F20027AC99 /* LoadableView.swift */; };
		4240CA08253002F20027AC99 /* LoadableView.swift in Sources */ = {isa = PBXBuildFile; fileRef = 4240CA00253002F20027AC99 /* LoadableView.swift */; };
		4240CA09253002F20027AC99 /* LoadableFailedView.swift in Sources */ = {isa = PBXBuildFile; fileRef = 4240CA01253002F20027AC99 /* LoadableFailedView.swift */; };
		4240CA0A253002F20027AC99 /* LoadableFailedView.swift in Sources */ = {isa = PBXBuildFile; fileRef = 4240CA01253002F20027AC99 /* LoadableFailedView.swift */; };
		4240CA0B253002F20027AC99 /* LoadableLoadingView.swift in Sources */ = {isa = PBXBuildFile; fileRef = 4240CA02253002F20027AC99 /* LoadableLoadingView.swift */; };
		4240CA0C253002F20027AC99 /* LoadableLoadingView.swift in Sources */ = {isa = PBXBuildFile; fileRef = 4240CA02253002F20027AC99 /* LoadableLoadingView.swift */; };
		4240CA13253003040027AC99 /* RequestProfileView.swift in Sources */ = {isa = PBXBuildFile; fileRef = 4240CA12253003040027AC99 /* RequestProfileView.swift */; };
		4240CA14253003040027AC99 /* RequestProfileView.swift in Sources */ = {isa = PBXBuildFile; fileRef = 4240CA12253003040027AC99 /* RequestProfileView.swift */; };
		4240CA1E253003140027AC99 /* DomainDashboardView.swift in Sources */ = {isa = PBXBuildFile; fileRef = 4240CA1A253003140027AC99 /* DomainDashboardView.swift */; };
		4240CA1F253003140027AC99 /* DomainDashboardView.swift in Sources */ = {isa = PBXBuildFile; fileRef = 4240CA1A253003140027AC99 /* DomainDashboardView.swift */; };
		4240CA20253003140027AC99 /* EndPointListView.swift in Sources */ = {isa = PBXBuildFile; fileRef = 4240CA1B253003140027AC99 /* EndPointListView.swift */; };
		4240CA21253003140027AC99 /* EndPointListView.swift in Sources */ = {isa = PBXBuildFile; fileRef = 4240CA1B253003140027AC99 /* EndPointListView.swift */; };
		4240CA22253003140027AC99 /* EmptyEndPointListView.swift in Sources */ = {isa = PBXBuildFile; fileRef = 4240CA1C253003140027AC99 /* EmptyEndPointListView.swift */; };
		4240CA23253003140027AC99 /* EmptyEndPointListView.swift in Sources */ = {isa = PBXBuildFile; fileRef = 4240CA1C253003140027AC99 /* EmptyEndPointListView.swift */; };
		4240CA24253003140027AC99 /* DomainStatisticsBlockView.swift in Sources */ = {isa = PBXBuildFile; fileRef = 4240CA1D253003140027AC99 /* DomainStatisticsBlockView.swift */; };
		4240CA25253003140027AC99 /* DomainStatisticsBlockView.swift in Sources */ = {isa = PBXBuildFile; fileRef = 4240CA1D253003140027AC99 /* DomainStatisticsBlockView.swift */; };
		4240CA43253003240027AC99 /* ApiListView.swift in Sources */ = {isa = PBXBuildFile; fileRef = 4240CA2B253003230027AC99 /* ApiListView.swift */; };
		4240CA44253003240027AC99 /* ApiListView.swift in Sources */ = {isa = PBXBuildFile; fileRef = 4240CA2B253003230027AC99 /* ApiListView.swift */; };
		4240CA45253003240027AC99 /* RecordDetailSummaryView.swift in Sources */ = {isa = PBXBuildFile; fileRef = 4240CA2C253003230027AC99 /* RecordDetailSummaryView.swift */; };
		4240CA46253003240027AC99 /* RecordDetailSummaryView.swift in Sources */ = {isa = PBXBuildFile; fileRef = 4240CA2C253003230027AC99 /* RecordDetailSummaryView.swift */; };
		4240CA47253003240027AC99 /* InfoRow.swift in Sources */ = {isa = PBXBuildFile; fileRef = 4240CA2D253003230027AC99 /* InfoRow.swift */; };
		4240CA48253003240027AC99 /* InfoRow.swift in Sources */ = {isa = PBXBuildFile; fileRef = 4240CA2D253003230027AC99 /* InfoRow.swift */; };
		4240CA49253003240027AC99 /* RecordDetailMonitorView.swift in Sources */ = {isa = PBXBuildFile; fileRef = 4240CA2E253003230027AC99 /* RecordDetailMonitorView.swift */; };
		4240CA4A253003240027AC99 /* RecordDetailMonitorView.swift in Sources */ = {isa = PBXBuildFile; fileRef = 4240CA2E253003230027AC99 /* RecordDetailMonitorView.swift */; };
		4240CA4B253003240027AC99 /* DurationHistoryView.swift in Sources */ = {isa = PBXBuildFile; fileRef = 4240CA2F253003230027AC99 /* DurationHistoryView.swift */; };
		4240CA4C253003240027AC99 /* DurationHistoryView.swift in Sources */ = {isa = PBXBuildFile; fileRef = 4240CA2F253003230027AC99 /* DurationHistoryView.swift */; };
		4240CA4D253003240027AC99 /* MonitorHistoryDetailView.swift in Sources */ = {isa = PBXBuildFile; fileRef = 4240CA30253003230027AC99 /* MonitorHistoryDetailView.swift */; };
		4240CA4E253003240027AC99 /* MonitorHistoryDetailView.swift in Sources */ = {isa = PBXBuildFile; fileRef = 4240CA30253003230027AC99 /* MonitorHistoryDetailView.swift */; };
		4240CA51253003240027AC99 /* RecordDetailTextView.swift in Sources */ = {isa = PBXBuildFile; fileRef = 4240CA32253003230027AC99 /* RecordDetailTextView.swift */; };
		4240CA52253003240027AC99 /* RecordDetailTextView.swift in Sources */ = {isa = PBXBuildFile; fileRef = 4240CA32253003230027AC99 /* RecordDetailTextView.swift */; };
		4240CA53253003240027AC99 /* ApiSectionView.swift in Sources */ = {isa = PBXBuildFile; fileRef = 4240CA33253003230027AC99 /* ApiSectionView.swift */; };
		4240CA54253003240027AC99 /* ApiSectionView.swift in Sources */ = {isa = PBXBuildFile; fileRef = 4240CA33253003230027AC99 /* ApiSectionView.swift */; };
		4240CA55253003240027AC99 /* DurationHistoryDetailView.swift in Sources */ = {isa = PBXBuildFile; fileRef = 4240CA34253003230027AC99 /* DurationHistoryDetailView.swift */; };
		4240CA56253003240027AC99 /* DurationHistoryDetailView.swift in Sources */ = {isa = PBXBuildFile; fileRef = 4240CA34253003230027AC99 /* DurationHistoryDetailView.swift */; };
		4240CA57253003240027AC99 /* HistoryView.swift in Sources */ = {isa = PBXBuildFile; fileRef = 4240CA35253003230027AC99 /* HistoryView.swift */; };
		4240CA58253003240027AC99 /* HistoryView.swift in Sources */ = {isa = PBXBuildFile; fileRef = 4240CA35253003230027AC99 /* HistoryView.swift */; };
		4240CA59253003240027AC99 /* MonitorHistoryView.swift in Sources */ = {isa = PBXBuildFile; fileRef = 4240CA36253003230027AC99 /* MonitorHistoryView.swift */; };
		4240CA5A253003240027AC99 /* MonitorHistoryView.swift in Sources */ = {isa = PBXBuildFile; fileRef = 4240CA36253003230027AC99 /* MonitorHistoryView.swift */; };
		4240CA5B253003240027AC99 /* EndPointEditView.swift in Sources */ = {isa = PBXBuildFile; fileRef = 4240CA37253003230027AC99 /* EndPointEditView.swift */; };
		4240CA5C253003240027AC99 /* EndPointEditView.swift in Sources */ = {isa = PBXBuildFile; fileRef = 4240CA37253003230027AC99 /* EndPointEditView.swift */; };
		4240CA5D253003240027AC99 /* JSONView.swift in Sources */ = {isa = PBXBuildFile; fileRef = 4240CA38253003230027AC99 /* JSONView.swift */; };
		4240CA5E253003240027AC99 /* JSONView.swift in Sources */ = {isa = PBXBuildFile; fileRef = 4240CA38253003230027AC99 /* JSONView.swift */; };
		4240CA5F253003240027AC99 /* ApiListItemView.swift in Sources */ = {isa = PBXBuildFile; fileRef = 4240CA39253003230027AC99 /* ApiListItemView.swift */; };
		4240CA60253003240027AC99 /* ApiListItemView.swift in Sources */ = {isa = PBXBuildFile; fileRef = 4240CA39253003230027AC99 /* ApiListItemView.swift */; };
		4240CA63253003240027AC99 /* RecordDetailResponseView.swift in Sources */ = {isa = PBXBuildFile; fileRef = 4240CA3B253003230027AC99 /* RecordDetailResponseView.swift */; };
		4240CA64253003240027AC99 /* RecordDetailResponseView.swift in Sources */ = {isa = PBXBuildFile; fileRef = 4240CA3B253003230027AC99 /* RecordDetailResponseView.swift */; };
		4240CA65253003240027AC99 /* RecordDetailView.swift in Sources */ = {isa = PBXBuildFile; fileRef = 4240CA3C253003230027AC99 /* RecordDetailView.swift */; };
		4240CA66253003240027AC99 /* RecordDetailView.swift in Sources */ = {isa = PBXBuildFile; fileRef = 4240CA3C253003230027AC99 /* RecordDetailView.swift */; };
		4240CA67253003240027AC99 /* ReadOnlyApiDetailView.swift in Sources */ = {isa = PBXBuildFile; fileRef = 4240CA3D253003230027AC99 /* ReadOnlyApiDetailView.swift */; };
		4240CA68253003240027AC99 /* ReadOnlyApiDetailView.swift in Sources */ = {isa = PBXBuildFile; fileRef = 4240CA3D253003230027AC99 /* ReadOnlyApiDetailView.swift */; };
		4240CA69253003240027AC99 /* RecordDetailJSONView.swift in Sources */ = {isa = PBXBuildFile; fileRef = 4240CA3E253003230027AC99 /* RecordDetailJSONView.swift */; };
		4240CA6A253003240027AC99 /* RecordDetailJSONView.swift in Sources */ = {isa = PBXBuildFile; fileRef = 4240CA3E253003230027AC99 /* RecordDetailJSONView.swift */; };
		4240CA6B253003240027AC99 /* ApiDetailView.swift in Sources */ = {isa = PBXBuildFile; fileRef = 4240CA3F253003230027AC99 /* ApiDetailView.swift */; };
		4240CA6C253003240027AC99 /* ApiDetailView.swift in Sources */ = {isa = PBXBuildFile; fileRef = 4240CA3F253003230027AC99 /* ApiDetailView.swift */; };
		4240CA6D253003240027AC99 /* RecordDetailRequestView.swift in Sources */ = {isa = PBXBuildFile; fileRef = 4240CA40253003230027AC99 /* RecordDetailRequestView.swift */; };
		4240CA6E253003240027AC99 /* RecordDetailRequestView.swift in Sources */ = {isa = PBXBuildFile; fileRef = 4240CA40253003230027AC99 /* RecordDetailRequestView.swift */; };
		4240CA6F253003240027AC99 /* TestView.swift in Sources */ = {isa = PBXBuildFile; fileRef = 4240CA41253003240027AC99 /* TestView.swift */; };
		4240CA70253003240027AC99 /* TestView.swift in Sources */ = {isa = PBXBuildFile; fileRef = 4240CA41253003240027AC99 /* TestView.swift */; };
		4240CA71253003240027AC99 /* EndPointDetailView.swift in Sources */ = {isa = PBXBuildFile; fileRef = 4240CA42253003240027AC99 /* EndPointDetailView.swift */; };
		4240CA72253003240027AC99 /* EndPointDetailView.swift in Sources */ = {isa = PBXBuildFile; fileRef = 4240CA42253003240027AC99 /* EndPointDetailView.swift */; };
		428E0598253021DE0076BA0D /* LinkModel.xcdatamodeld in Sources */ = {isa = PBXBuildFile; fileRef = 428E0595253021DE0076BA0D /* LinkModel.xcdatamodeld */; };
		428E0599253021DE0076BA0D /* LinkModel.xcdatamodeld in Sources */ = {isa = PBXBuildFile; fileRef = 428E0595253021DE0076BA0D /* LinkModel.xcdatamodeld */; };
		428E05A0253022730076BA0D /* AdaptView.swift in Sources */ = {isa = PBXBuildFile; fileRef = 428E059E253022730076BA0D /* AdaptView.swift */; };
		428E0645253026A90076BA0D /* SwiftUICharts in Frameworks */ = {isa = PBXBuildFile; productRef = 428E0644253026A90076BA0D /* SwiftUICharts */; };
		428E064B253026B30076BA0D /* SwiftUICharts in Frameworks */ = {isa = PBXBuildFile; productRef = 428E064A253026B30076BA0D /* SwiftUICharts */; };
		42B89652252FD18D00269F87 /* Tests_iOS.swift in Sources */ = {isa = PBXBuildFile; fileRef = 42B89651252FD18D00269F87 /* Tests_iOS.swift */; };
		42B8965D252FD18D00269F87 /* Tests_macOS.swift in Sources */ = {isa = PBXBuildFile; fileRef = 42B8965C252FD18D00269F87 /* Tests_macOS.swift */; };
		42B89661252FD18D00269F87 /* LinkApp.swift in Sources */ = {isa = PBXBuildFile; fileRef = 42B89635252FD18D00269F87 /* LinkApp.swift */; };
		42B89662252FD18D00269F87 /* LinkApp.swift in Sources */ = {isa = PBXBuildFile; fileRef = 42B89635252FD18D00269F87 /* LinkApp.swift */; };
		42B89665252FD18D00269F87 /* Persistence.swift in Sources */ = {isa = PBXBuildFile; fileRef = 42B89637252FD18D00269F87 /* Persistence.swift */; };
		42B89666252FD18D00269F87 /* Persistence.swift in Sources */ = {isa = PBXBuildFile; fileRef = 42B89637252FD18D00269F87 /* Persistence.swift */; };
		42B897A8252FDAC400269F87 /* SwiftyJSON in Frameworks */ = {isa = PBXBuildFile; productRef = 42B897A7252FDAC400269F87 /* SwiftyJSON */; };
		42B89867252FDF3F00269F87 /* InfoPlist.strings in Resources */ = {isa = PBXBuildFile; fileRef = 42B89808252FDF3E00269F87 /* InfoPlist.strings */; };
		42B89868252FDF3F00269F87 /* InfoPlist.strings in Resources */ = {isa = PBXBuildFile; fileRef = 42B89808252FDF3E00269F87 /* InfoPlist.strings */; };
		42B89903252FDF3F00269F87 /* Preview Assets.xcassets in Resources */ = {isa = PBXBuildFile; fileRef = 42B8985F252FDF3F00269F87 /* Preview Assets.xcassets */; };
		42B89904252FDF3F00269F87 /* Preview Assets.xcassets in Resources */ = {isa = PBXBuildFile; fileRef = 42B8985F252FDF3F00269F87 /* Preview Assets.xcassets */; };
		42FE152325302A2D00AE121B /* EndPointEditData.swift in Sources */ = {isa = PBXBuildFile; fileRef = 42FE152025302A2D00AE121B /* EndPointEditData.swift */; };
		42FE152425302A2D00AE121B /* ApiDetailData.swift in Sources */ = {isa = PBXBuildFile; fileRef = 42FE152125302A2D00AE121B /* ApiDetailData.swift */; };
		42FE152525302A2D00AE121B /* LinkData.swift in Sources */ = {isa = PBXBuildFile; fileRef = 42FE152225302A2D00AE121B /* LinkData.swift */; };
		42FE152E25302B0300AE121B /* ApiDetailData.swift in Sources */ = {isa = PBXBuildFile; fileRef = 42FE152125302A2D00AE121B /* ApiDetailData.swift */; };
		42FE152F25302B0300AE121B /* LinkData.swift in Sources */ = {isa = PBXBuildFile; fileRef = 42FE152225302A2D00AE121B /* LinkData.swift */; };
		42FE153025302B0300AE121B /* EndPointEditData.swift in Sources */ = {isa = PBXBuildFile; fileRef = 42FE152025302A2D00AE121B /* EndPointEditData.swift */; };
		42FE154B253030CE00AE121B /* SideBarTabNavigation.swift in Sources */ = {isa = PBXBuildFile; fileRef = 42FE1548253030CE00AE121B /* SideBarTabNavigation.swift */; };
		42FE154C253030CE00AE121B /* SideBarTabNavigation.swift in Sources */ = {isa = PBXBuildFile; fileRef = 42FE1548253030CE00AE121B /* SideBarTabNavigation.swift */; };
		42FE154D253030CE00AE121B /* ContentView.swift in Sources */ = {isa = PBXBuildFile; fileRef = 42FE1549253030CE00AE121B /* ContentView.swift */; };
		42FE154E253030CE00AE121B /* ContentView.swift in Sources */ = {isa = PBXBuildFile; fileRef = 42FE1549253030CE00AE121B /* ContentView.swift */; };
		42FE154F253030CE00AE121B /* AppTabNavigation.swift in Sources */ = {isa = PBXBuildFile; fileRef = 42FE154A253030CE00AE121B /* AppTabNavigation.swift */; };
		42FE1550253030CE00AE121B /* AppTabNavigation.swift in Sources */ = {isa = PBXBuildFile; fileRef = 42FE154A253030CE00AE121B /* AppTabNavigation.swift */; };
		42FE15572530326100AE121B /* SettingView.swift in Sources */ = {isa = PBXBuildFile; fileRef = 42FE15562530326100AE121B /* SettingView.swift */; };
		42FE15582530326100AE121B /* SettingView.swift in Sources */ = {isa = PBXBuildFile; fileRef = 42FE15562530326100AE121B /* SettingView.swift */; };
		42FE1563253034A400AE121B /* View+Navigation.swift in Sources */ = {isa = PBXBuildFile; fileRef = 42FE1561253034A400AE121B /* View+Navigation.swift */; };
		42FE156D2530350300AE121B /* Assets.xcassets in Resources */ = {isa = PBXBuildFile; fileRef = 42FE156C2530350300AE121B /* Assets.xcassets */; };
		42FE156E2530350300AE121B /* Assets.xcassets in Resources */ = {isa = PBXBuildFile; fileRef = 42FE156C2530350300AE121B /* Assets.xcassets */; };
/* End PBXBuildFile section */

/* Begin PBXContainerItemProxy section */
		42B8964E252FD18D00269F87 /* PBXContainerItemProxy */ = {
			isa = PBXContainerItemProxy;
			containerPortal = 42B8962E252FD18C00269F87 /* Project object */;
			proxyType = 1;
			remoteGlobalIDString = 42B8963C252FD18D00269F87;
			remoteInfo = "Link (iOS)";
		};
		42B89659252FD18D00269F87 /* PBXContainerItemProxy */ = {
			isa = PBXContainerItemProxy;
			containerPortal = 42B8962E252FD18C00269F87 /* Project object */;
			proxyType = 1;
			remoteGlobalIDString = 42B89644252FD18D00269F87;
			remoteInfo = "Link (macOS)";
		};
/* End PBXContainerItemProxy section */

/* Begin PBXFileReference section */
		4240C970252FFAC00027AC99 /* ApiHelper.swift */ = {isa = PBXFileReference; fileEncoding = 4; lastKnownFileType = sourcecode.swift; path = ApiHelper.swift; sourceTree = "<group>"; };
		4240C971252FFAC00027AC99 /* BackendAgent.swift */ = {isa = PBXFileReference; fileEncoding = 4; lastKnownFileType = sourcecode.swift; path = BackendAgent.swift; sourceTree = "<group>"; };
		4240C972252FFAC00027AC99 /* Preview.swift */ = {isa = PBXFileReference; fileEncoding = 4; lastKnownFileType = sourcecode.swift; path = Preview.swift; sourceTree = "<group>"; };
		4240C973252FFAC00027AC99 /* Extentsion.swift */ = {isa = PBXFileReference; fileEncoding = 4; lastKnownFileType = sourcecode.swift; path = Extentsion.swift; sourceTree = "<group>"; };
		4240C974252FFAC00027AC99 /* BackendAgent+Request.swift */ = {isa = PBXFileReference; fileEncoding = 4; lastKnownFileType = sourcecode.swift; path = "BackendAgent+Request.swift"; sourceTree = "<group>"; };
		4240C975252FFAC00027AC99 /* HealthChecker.swift */ = {isa = PBXFileReference; fileEncoding = 4; lastKnownFileType = sourcecode.swift; path = HealthChecker.swift; sourceTree = "<group>"; };
		4240C976252FFAC00027AC99 /* CoreData.swift */ = {isa = PBXFileReference; fileEncoding = 4; lastKnownFileType = sourcecode.swift; path = CoreData.swift; sourceTree = "<group>"; };
		4240C977252FFAC00027AC99 /* List.swift */ = {isa = PBXFileReference; fileEncoding = 4; lastKnownFileType = sourcecode.swift; path = List.swift; sourceTree = "<group>"; };
		4240C978252FFAC00027AC99 /* Mock.swift */ = {isa = PBXFileReference; fileEncoding = 4; lastKnownFileType = sourcecode.swift; path = Mock.swift; sourceTree = "<group>"; };
		4240C979252FFAC00027AC99 /* EntityExtension.swift */ = {isa = PBXFileReference; fileEncoding = 4; lastKnownFileType = sourcecode.swift; path = EntityExtension.swift; sourceTree = "<group>"; };
		4240C97A252FFAC00027AC99 /* Time.swift */ = {isa = PBXFileReference; fileEncoding = 4; lastKnownFileType = sourcecode.swift; path = Time.swift; sourceTree = "<group>"; };
		4240C97B252FFAC00027AC99 /* Tools.swift */ = {isa = PBXFileReference; fileEncoding = 4; lastKnownFileType = sourcecode.swift; path = Tools.swift; sourceTree = "<group>"; };
		4240C97C252FFAC00027AC99 /* Text.swift */ = {isa = PBXFileReference; fileEncoding = 4; lastKnownFileType = sourcecode.swift; path = Text.swift; sourceTree = "<group>"; };
		4240C97D252FFAC00027AC99 /* HistoryData.swift */ = {isa = PBXFileReference; fileEncoding = 4; lastKnownFileType = sourcecode.swift; path = HistoryData.swift; sourceTree = "<group>"; };
		4240C97E252FFAC00027AC99 /* JSON.swift */ = {isa = PBXFileReference; fileEncoding = 4; lastKnownFileType = sourcecode.swift; path = JSON.swift; sourceTree = "<group>"; };
		4240C97F252FFAC10027AC99 /* LoginManager.swift */ = {isa = PBXFileReference; fileEncoding = 4; lastKnownFileType = sourcecode.swift; path = LoginManager.swift; sourceTree = "<group>"; };
		4240C980252FFAC10027AC99 /* SwiftyJSON.swift */ = {isa = PBXFileReference; fileEncoding = 4; lastKnownFileType = sourcecode.swift; path = SwiftyJSON.swift; sourceTree = "<group>"; };
		4240C981252FFAC10027AC99 /* Debug.swift */ = {isa = PBXFileReference; fileEncoding = 4; lastKnownFileType = sourcecode.swift; path = Debug.swift; sourceTree = "<group>"; };
		4240C982252FFAC10027AC99 /* File.swift */ = {isa = PBXFileReference; fileEncoding = 4; lastKnownFileType = sourcecode.swift; path = File.swift; sourceTree = "<group>"; };
		4240C983252FFAC10027AC99 /* DataSource.swift */ = {isa = PBXFileReference; fileEncoding = 4; lastKnownFileType = sourcecode.swift; path = DataSource.swift; sourceTree = "<group>"; };
		4240C984252FFAC10027AC99 /* View.swift */ = {isa = PBXFileReference; fileEncoding = 4; lastKnownFileType = sourcecode.swift; path = View.swift; sourceTree = "<group>"; };
		4240C985252FFAC10027AC99 /* Loadable.swift */ = {isa = PBXFileReference; fileEncoding = 4; lastKnownFileType = sourcecode.swift; path = Loadable.swift; sourceTree = "<group>"; };
		4240C986252FFAC10027AC99 /* URL.swift */ = {isa = PBXFileReference; fileEncoding = 4; lastKnownFileType = sourcecode.swift; path = URL.swift; sourceTree = "<group>"; };
		4240C9DD252FFB650027AC99 /* ScanLogDetail.swift */ = {isa = PBXFileReference; fileEncoding = 4; lastKnownFileType = sourcecode.swift; path = ScanLogDetail.swift; sourceTree = "<group>"; };
		4240C9DE252FFB650027AC99 /* EndPoint.swift */ = {isa = PBXFileReference; fileEncoding = 4; lastKnownFileType = sourcecode.swift; path = EndPoint.swift; sourceTree = "<group>"; };
		4240C9DF252FFB650027AC99 /* RecordItem.swift */ = {isa = PBXFileReference; fileEncoding = 4; lastKnownFileType = sourcecode.swift; path = RecordItem.swift; sourceTree = "<group>"; };
		4240C9E0252FFB660027AC99 /* ScanLog.swift */ = {isa = PBXFileReference; fileEncoding = 4; lastKnownFileType = sourcecode.swift; path = ScanLog.swift; sourceTree = "<group>"; };
		4240C9FE253002F20027AC99 /* EmptyView.swift */ = {isa = PBXFileReference; fileEncoding = 4; lastKnownFileType = sourcecode.swift; path = EmptyView.swift; sourceTree = "<group>"; };
		4240C9FF253002F20027AC99 /* LoadableTemplateView.swift */ = {isa = PBXFileReference; fileEncoding = 4; lastKnownFileType = sourcecode.swift; path = LoadableTemplateView.swift; sourceTree = "<group>"; };
		4240CA00253002F20027AC99 /* LoadableView.swift */ = {isa = PBXFileReference; fileEncoding = 4; lastKnownFileType = sourcecode.swift; path = LoadableView.swift; sourceTree = "<group>"; };
		4240CA01253002F20027AC99 /* LoadableFailedView.swift */ = {isa = PBXFileReference; fileEncoding = 4; lastKnownFileType = sourcecode.swift; path = LoadableFailedView.swift; sourceTree = "<group>"; };
		4240CA02253002F20027AC99 /* LoadableLoadingView.swift */ = {isa = PBXFileReference; fileEncoding = 4; lastKnownFileType = sourcecode.swift; path = LoadableLoadingView.swift; sourceTree = "<group>"; };
		4240CA12253003040027AC99 /* RequestProfileView.swift */ = {isa = PBXFileReference; fileEncoding = 4; lastKnownFileType = sourcecode.swift; path = RequestProfileView.swift; sourceTree = "<group>"; };
		4240CA1A253003140027AC99 /* DomainDashboardView.swift */ = {isa = PBXFileReference; fileEncoding = 4; lastKnownFileType = sourcecode.swift; path = DomainDashboardView.swift; sourceTree = "<group>"; };
		4240CA1B253003140027AC99 /* EndPointListView.swift */ = {isa = PBXFileReference; fileEncoding = 4; lastKnownFileType = sourcecode.swift; path = EndPointListView.swift; sourceTree = "<group>"; };
		4240CA1C253003140027AC99 /* EmptyEndPointListView.swift */ = {isa = PBXFileReference; fileEncoding = 4; lastKnownFileType = sourcecode.swift; path = EmptyEndPointListView.swift; sourceTree = "<group>"; };
		4240CA1D253003140027AC99 /* DomainStatisticsBlockView.swift */ = {isa = PBXFileReference; fileEncoding = 4; lastKnownFileType = sourcecode.swift; path = DomainStatisticsBlockView.swift; sourceTree = "<group>"; };
		4240CA2B253003230027AC99 /* ApiListView.swift */ = {isa = PBXFileReference; fileEncoding = 4; lastKnownFileType = sourcecode.swift; path = ApiListView.swift; sourceTree = "<group>"; };
		4240CA2C253003230027AC99 /* RecordDetailSummaryView.swift */ = {isa = PBXFileReference; fileEncoding = 4; lastKnownFileType = sourcecode.swift; path = RecordDetailSummaryView.swift; sourceTree = "<group>"; };
		4240CA2D253003230027AC99 /* InfoRow.swift */ = {isa = PBXFileReference; fileEncoding = 4; lastKnownFileType = sourcecode.swift; path = InfoRow.swift; sourceTree = "<group>"; };
		4240CA2E253003230027AC99 /* RecordDetailMonitorView.swift */ = {isa = PBXFileReference; fileEncoding = 4; lastKnownFileType = sourcecode.swift; path = RecordDetailMonitorView.swift; sourceTree = "<group>"; };
		4240CA2F253003230027AC99 /* DurationHistoryView.swift */ = {isa = PBXFileReference; fileEncoding = 4; lastKnownFileType = sourcecode.swift; path = DurationHistoryView.swift; sourceTree = "<group>"; };
		4240CA30253003230027AC99 /* MonitorHistoryDetailView.swift */ = {isa = PBXFileReference; fileEncoding = 4; lastKnownFileType = sourcecode.swift; path = MonitorHistoryDetailView.swift; sourceTree = "<group>"; };
		4240CA32253003230027AC99 /* RecordDetailTextView.swift */ = {isa = PBXFileReference; fileEncoding = 4; lastKnownFileType = sourcecode.swift; path = RecordDetailTextView.swift; sourceTree = "<group>"; };
		4240CA33253003230027AC99 /* ApiSectionView.swift */ = {isa = PBXFileReference; fileEncoding = 4; lastKnownFileType = sourcecode.swift; path = ApiSectionView.swift; sourceTree = "<group>"; };
		4240CA34253003230027AC99 /* DurationHistoryDetailView.swift */ = {isa = PBXFileReference; fileEncoding = 4; lastKnownFileType = sourcecode.swift; path = DurationHistoryDetailView.swift; sourceTree = "<group>"; };
		4240CA35253003230027AC99 /* HistoryView.swift */ = {isa = PBXFileReference; fileEncoding = 4; lastKnownFileType = sourcecode.swift; path = HistoryView.swift; sourceTree = "<group>"; };
		4240CA36253003230027AC99 /* MonitorHistoryView.swift */ = {isa = PBXFileReference; fileEncoding = 4; lastKnownFileType = sourcecode.swift; path = MonitorHistoryView.swift; sourceTree = "<group>"; };
		4240CA37253003230027AC99 /* EndPointEditView.swift */ = {isa = PBXFileReference; fileEncoding = 4; lastKnownFileType = sourcecode.swift; path = EndPointEditView.swift; sourceTree = "<group>"; };
		4240CA38253003230027AC99 /* JSONView.swift */ = {isa = PBXFileReference; fileEncoding = 4; lastKnownFileType = sourcecode.swift; path = JSONView.swift; sourceTree = "<group>"; };
		4240CA39253003230027AC99 /* ApiListItemView.swift */ = {isa = PBXFileReference; fileEncoding = 4; lastKnownFileType = sourcecode.swift; path = ApiListItemView.swift; sourceTree = "<group>"; };
		4240CA3B253003230027AC99 /* RecordDetailResponseView.swift */ = {isa = PBXFileReference; fileEncoding = 4; lastKnownFileType = sourcecode.swift; path = RecordDetailResponseView.swift; sourceTree = "<group>"; };
		4240CA3C253003230027AC99 /* RecordDetailView.swift */ = {isa = PBXFileReference; fileEncoding = 4; lastKnownFileType = sourcecode.swift; path = RecordDetailView.swift; sourceTree = "<group>"; };
		4240CA3D253003230027AC99 /* ReadOnlyApiDetailView.swift */ = {isa = PBXFileReference; fileEncoding = 4; lastKnownFileType = sourcecode.swift; path = ReadOnlyApiDetailView.swift; sourceTree = "<group>"; };
		4240CA3E253003230027AC99 /* RecordDetailJSONView.swift */ = {isa = PBXFileReference; fileEncoding = 4; lastKnownFileType = sourcecode.swift; path = RecordDetailJSONView.swift; sourceTree = "<group>"; };
		4240CA3F253003230027AC99 /* ApiDetailView.swift */ = {isa = PBXFileReference; fileEncoding = 4; lastKnownFileType = sourcecode.swift; path = ApiDetailView.swift; sourceTree = "<group>"; };
		4240CA40253003230027AC99 /* RecordDetailRequestView.swift */ = {isa = PBXFileReference; fileEncoding = 4; lastKnownFileType = sourcecode.swift; path = RecordDetailRequestView.swift; sourceTree = "<group>"; };
		4240CA41253003240027AC99 /* TestView.swift */ = {isa = PBXFileReference; fileEncoding = 4; lastKnownFileType = sourcecode.swift; path = TestView.swift; sourceTree = "<group>"; };
		4240CA42253003240027AC99 /* EndPointDetailView.swift */ = {isa = PBXFileReference; fileEncoding = 4; lastKnownFileType = sourcecode.swift; path = EndPointDetailView.swift; sourceTree = "<group>"; };
		4266E926253053EC008B1939 /* LinkRelease.entitlements */ = {isa = PBXFileReference; lastKnownFileType = text.plist.entitlements; path = LinkRelease.entitlements; sourceTree = "<group>"; };
		428E0596253021DE0076BA0D /* LinkModel.xcdatamodel */ = {isa = PBXFileReference; lastKnownFileType = wrapper.xcdatamodel; path = LinkModel.xcdatamodel; sourceTree = "<group>"; };
		428E0597253021DE0076BA0D /* Domain.xcdatamodel */ = {isa = PBXFileReference; lastKnownFileType = wrapper.xcdatamodel; path = Domain.xcdatamodel; sourceTree = "<group>"; };
		428E059E253022730076BA0D /* AdaptView.swift */ = {isa = PBXFileReference; lastKnownFileType = sourcecode.swift; path = AdaptView.swift; sourceTree = "<group>"; };
		42B89635252FD18D00269F87 /* LinkApp.swift */ = {isa = PBXFileReference; lastKnownFileType = sourcecode.swift; path = LinkApp.swift; sourceTree = "<group>"; };
		42B89637252FD18D00269F87 /* Persistence.swift */ = {isa = PBXFileReference; lastKnownFileType = sourcecode.swift; path = Persistence.swift; sourceTree = "<group>"; };
		42B8963D252FD18D00269F87 /* Link.app */ = {isa = PBXFileReference; explicitFileType = wrapper.application; includeInIndex = 0; path = Link.app; sourceTree = BUILT_PRODUCTS_DIR; };
		42B89640252FD18D00269F87 /* Info.plist */ = {isa = PBXFileReference; lastKnownFileType = text.plist.xml; path = Info.plist; sourceTree = "<group>"; };
		42B89645252FD18D00269F87 /* Link.app */ = {isa = PBXFileReference; explicitFileType = wrapper.application; includeInIndex = 0; path = Link.app; sourceTree = BUILT_PRODUCTS_DIR; };
		42B89647252FD18D00269F87 /* Info.plist */ = {isa = PBXFileReference; lastKnownFileType = text.plist.xml; path = Info.plist; sourceTree = "<group>"; };
		42B89648252FD18D00269F87 /* macOS.entitlements */ = {isa = PBXFileReference; lastKnownFileType = text.plist.entitlements; path = macOS.entitlements; sourceTree = "<group>"; };
		42B8964D252FD18D00269F87 /* Tests iOS.xctest */ = {isa = PBXFileReference; explicitFileType = wrapper.cfbundle; includeInIndex = 0; path = "Tests iOS.xctest"; sourceTree = BUILT_PRODUCTS_DIR; };
		42B89651252FD18D00269F87 /* Tests_iOS.swift */ = {isa = PBXFileReference; lastKnownFileType = sourcecode.swift; path = Tests_iOS.swift; sourceTree = "<group>"; };
		42B89653252FD18D00269F87 /* Info.plist */ = {isa = PBXFileReference; lastKnownFileType = text.plist.xml; path = Info.plist; sourceTree = "<group>"; };
		42B89658252FD18D00269F87 /* Tests macOS.xctest */ = {isa = PBXFileReference; explicitFileType = wrapper.cfbundle; includeInIndex = 0; path = "Tests macOS.xctest"; sourceTree = BUILT_PRODUCTS_DIR; };
		42B8965C252FD18D00269F87 /* Tests_macOS.swift */ = {isa = PBXFileReference; lastKnownFileType = sourcecode.swift; path = Tests_macOS.swift; sourceTree = "<group>"; };
		42B8965E252FD18D00269F87 /* Info.plist */ = {isa = PBXFileReference; lastKnownFileType = text.plist.xml; path = Info.plist; sourceTree = "<group>"; };
		42B89808252FDF3E00269F87 /* InfoPlist.strings */ = {isa = PBXFileReference; fileEncoding = 4; lastKnownFileType = text.plist.strings; path = InfoPlist.strings; sourceTree = "<group>"; };
		42B8985F252FDF3F00269F87 /* Preview Assets.xcassets */ = {isa = PBXFileReference; lastKnownFileType = folder.assetcatalog; path = "Preview Assets.xcassets"; sourceTree = "<group>"; };
		42B9A41625303B25004B05B4 /* ChartView */ = {isa = PBXFileReference; lastKnownFileType = folder; name = ChartView; path = ../ChartView; sourceTree = "<group>"; };
		42FE152025302A2D00AE121B /* EndPointEditData.swift */ = {isa = PBXFileReference; fileEncoding = 4; lastKnownFileType = sourcecode.swift; path = EndPointEditData.swift; sourceTree = "<group>"; };
		42FE152125302A2D00AE121B /* ApiDetailData.swift */ = {isa = PBXFileReference; fileEncoding = 4; lastKnownFileType = sourcecode.swift; path = ApiDetailData.swift; sourceTree = "<group>"; };
		42FE152225302A2D00AE121B /* LinkData.swift */ = {isa = PBXFileReference; fileEncoding = 4; lastKnownFileType = sourcecode.swift; path = LinkData.swift; sourceTree = "<group>"; };
		42FE1548253030CE00AE121B /* SideBarTabNavigation.swift */ = {isa = PBXFileReference; fileEncoding = 4; lastKnownFileType = sourcecode.swift; path = SideBarTabNavigation.swift; sourceTree = "<group>"; };
		42FE1549253030CE00AE121B /* ContentView.swift */ = {isa = PBXFileReference; fileEncoding = 4; lastKnownFileType = sourcecode.swift; path = ContentView.swift; sourceTree = "<group>"; };
		42FE154A253030CE00AE121B /* AppTabNavigation.swift */ = {isa = PBXFileReference; fileEncoding = 4; lastKnownFileType = sourcecode.swift; path = AppTabNavigation.swift; sourceTree = "<group>"; };
		42FE15562530326100AE121B /* SettingView.swift */ = {isa = PBXFileReference; fileEncoding = 4; lastKnownFileType = sourcecode.swift; path = SettingView.swift; sourceTree = "<group>"; };
		42FE1561253034A400AE121B /* View+Navigation.swift */ = {isa = PBXFileReference; lastKnownFileType = sourcecode.swift; path = "View+Navigation.swift"; sourceTree = "<group>"; };
		42FE156C2530350300AE121B /* Assets.xcassets */ = {isa = PBXFileReference; lastKnownFileType = folder.assetcatalog; path = Assets.xcassets; sourceTree = "<group>"; };
/* End PBXFileReference section */

/* Begin PBXFrameworksBuildPhase section */
		42B8963A252FD18D00269F87 /* Frameworks */ = {
			isa = PBXFrameworksBuildPhase;
			buildActionMask = 2147483647;
			files = (
				42B897A8252FDAC400269F87 /* SwiftyJSON in Frameworks */,
				428E0645253026A90076BA0D /* SwiftUICharts in Frameworks */,
			);
			runOnlyForDeploymentPostprocessing = 0;
		};
		42B89642252FD18D00269F87 /* Frameworks */ = {
			isa = PBXFrameworksBuildPhase;
			buildActionMask = 2147483647;
			files = (
				428E064B253026B30076BA0D /* SwiftUICharts in Frameworks */,
			);
			runOnlyForDeploymentPostprocessing = 0;
		};
		42B8964A252FD18D00269F87 /* Frameworks */ = {
			isa = PBXFrameworksBuildPhase;
			buildActionMask = 2147483647;
			files = (
			);
			runOnlyForDeploymentPostprocessing = 0;
		};
		42B89655252FD18D00269F87 /* Frameworks */ = {
			isa = PBXFrameworksBuildPhase;
			buildActionMask = 2147483647;
			files = (
			);
			runOnlyForDeploymentPostprocessing = 0;
		};
/* End PBXFrameworksBuildPhase section */

/* Begin PBXGroup section */
		4240C96F252FFA950027AC99 /* Utils */ = {
			isa = PBXGroup;
			children = (
				4240C970252FFAC00027AC99 /* ApiHelper.swift */,
				4240C971252FFAC00027AC99 /* BackendAgent.swift */,
				4240C974252FFAC00027AC99 /* BackendAgent+Request.swift */,
				4240C976252FFAC00027AC99 /* CoreData.swift */,
				4240C983252FFAC10027AC99 /* DataSource.swift */,
				4240C981252FFAC10027AC99 /* Debug.swift */,
				4240C979252FFAC00027AC99 /* EntityExtension.swift */,
				4240C973252FFAC00027AC99 /* Extentsion.swift */,
				4240C982252FFAC10027AC99 /* File.swift */,
				4240C975252FFAC00027AC99 /* HealthChecker.swift */,
				4240C97D252FFAC00027AC99 /* HistoryData.swift */,
				4240C97E252FFAC00027AC99 /* JSON.swift */,
				4240C977252FFAC00027AC99 /* List.swift */,
				4240C985252FFAC10027AC99 /* Loadable.swift */,
				4240C97F252FFAC10027AC99 /* LoginManager.swift */,
				4240C978252FFAC00027AC99 /* Mock.swift */,
				4240C972252FFAC00027AC99 /* Preview.swift */,
				4240C980252FFAC10027AC99 /* SwiftyJSON.swift */,
				4240C97C252FFAC00027AC99 /* Text.swift */,
				4240C97A252FFAC00027AC99 /* Time.swift */,
				4240C97B252FFAC00027AC99 /* Tools.swift */,
				4240C986252FFAC10027AC99 /* URL.swift */,
				4240C984252FFAC10027AC99 /* View.swift */,
			);
			path = Utils;
			sourceTree = "<group>";
		};
		4240C9C5252FFB300027AC99 /* Entities */ = {
			isa = PBXGroup;
			children = (
				4240C9DE252FFB650027AC99 /* EndPoint.swift */,
				4240C9DF252FFB650027AC99 /* RecordItem.swift */,
				4240C9E0252FFB660027AC99 /* ScanLog.swift */,
				4240C9DD252FFB650027AC99 /* ScanLogDetail.swift */,
			);
			path = Entities;
			sourceTree = "<group>";
		};
		4240C9FD253002E40027AC99 /* Components */ = {
			isa = PBXGroup;
			children = (
				4240C9FE253002F20027AC99 /* EmptyView.swift */,
				4240CA01253002F20027AC99 /* LoadableFailedView.swift */,
				4240CA02253002F20027AC99 /* LoadableLoadingView.swift */,
				4240C9FF253002F20027AC99 /* LoadableTemplateView.swift */,
				4240CA00253002F20027AC99 /* LoadableView.swift */,
			);
			path = Components;
			sourceTree = "<group>";
		};
		4240CA11253002FB0027AC99 /* EndPoint */ = {
			isa = PBXGroup;
			children = (
				4240CA12253003040027AC99 /* RequestProfileView.swift */,
			);
			path = EndPoint;
			sourceTree = "<group>";
		};
		4240CA192530030C0027AC99 /* Domain */ = {
			isa = PBXGroup;
			children = (
				4240CA1A253003140027AC99 /* DomainDashboardView.swift */,
				4240CA1D253003140027AC99 /* DomainStatisticsBlockView.swift */,
				4240CA1C253003140027AC99 /* EmptyEndPointListView.swift */,
				4240CA1B253003140027AC99 /* EndPointListView.swift */,
			);
			path = Domain;
			sourceTree = "<group>";
		};
		4240CA2A2530031A0027AC99 /* Views */ = {
			isa = PBXGroup;
			children = (
				4240CA3F253003230027AC99 /* ApiDetailView.swift */,
				4240CA39253003230027AC99 /* ApiListItemView.swift */,
				4240CA2B253003230027AC99 /* ApiListView.swift */,
				4240CA33253003230027AC99 /* ApiSectionView.swift */,
				4240CA34253003230027AC99 /* DurationHistoryDetailView.swift */,
				4240CA2F253003230027AC99 /* DurationHistoryView.swift */,
				4240CA42253003240027AC99 /* EndPointDetailView.swift */,
				4240CA37253003230027AC99 /* EndPointEditView.swift */,
				4240CA35253003230027AC99 /* HistoryView.swift */,
				4240CA2D253003230027AC99 /* InfoRow.swift */,
				4240CA38253003230027AC99 /* JSONView.swift */,
				4240CA30253003230027AC99 /* MonitorHistoryDetailView.swift */,
				4240CA36253003230027AC99 /* MonitorHistoryView.swift */,
				4240CA3D253003230027AC99 /* ReadOnlyApiDetailView.swift */,
				4240CA3E253003230027AC99 /* RecordDetailJSONView.swift */,
				4240CA2E253003230027AC99 /* RecordDetailMonitorView.swift */,
				4240CA40253003230027AC99 /* RecordDetailRequestView.swift */,
				4240CA3B253003230027AC99 /* RecordDetailResponseView.swift */,
				4240CA2C253003230027AC99 /* RecordDetailSummaryView.swift */,
				4240CA32253003230027AC99 /* RecordDetailTextView.swift */,
				4240CA3C253003230027AC99 /* RecordDetailView.swift */,
				4240CA41253003240027AC99 /* TestView.swift */,
			);
			path = Views;
			sourceTree = "<group>";
		};
		428E05BA2530254F0076BA0D /* Frameworks */ = {
			isa = PBXGroup;
			children = (
				42B9A41625303B25004B05B4 /* ChartView */,
			);
			name = Frameworks;
			sourceTree = "<group>";
		};
		42B8962D252FD18C00269F87 = {
			isa = PBXGroup;
			children = (
				4266E926253053EC008B1939 /* LinkRelease.entitlements */,
				42B89632252FD18D00269F87 /* Shared */,
				42B8963F252FD18D00269F87 /* iOS */,
				42B89646252FD18D00269F87 /* macOS */,
				42B89650252FD18D00269F87 /* Tests iOS */,
				42B8965B252FD18D00269F87 /* Tests macOS */,
				42B8963E252FD18D00269F87 /* Products */,
				428E05BA2530254F0076BA0D /* Frameworks */,
			);
			sourceTree = "<group>";
		};
		42B89632252FD18D00269F87 /* Shared */ = {
			isa = PBXGroup;
			children = (
				42FE156C2530350300AE121B /* Assets.xcassets */,
				42FE15552530325700AE121B /* Setting */,
				42FE153925302F3600AE121B /* Navigation */,
				42FE151F25302A1F00AE121B /* Models */,
				4240CA2A2530031A0027AC99 /* Views */,
				4240CA192530030C0027AC99 /* Domain */,
				4240CA11253002FB0027AC99 /* EndPoint */,
				4240C9FD253002E40027AC99 /* Components */,
				4240C9C5252FFB300027AC99 /* Entities */,
				4240C96F252FFA950027AC99 /* Utils */,
				42B89808252FDF3E00269F87 /* InfoPlist.strings */,
				428E0595253021DE0076BA0D /* LinkModel.xcdatamodeld */,
				42B8985E252FDF3F00269F87 /* Preview Content */,
				42B89635252FD18D00269F87 /* LinkApp.swift */,
				42B89637252FD18D00269F87 /* Persistence.swift */,
			);
			path = Shared;
			sourceTree = "<group>";
		};
		42B8963E252FD18D00269F87 /* Products */ = {
			isa = PBXGroup;
			children = (
				42B8963D252FD18D00269F87 /* Link.app */,
				42B89645252FD18D00269F87 /* Link.app */,
				42B8964D252FD18D00269F87 /* Tests iOS.xctest */,
				42B89658252FD18D00269F87 /* Tests macOS.xctest */,
			);
			name = Products;
			sourceTree = "<group>";
		};
		42B8963F252FD18D00269F87 /* iOS */ = {
			isa = PBXGroup;
			children = (
				42B89640252FD18D00269F87 /* Info.plist */,
			);
			path = iOS;
			sourceTree = "<group>";
		};
		42B89646252FD18D00269F87 /* macOS */ = {
			isa = PBXGroup;
			children = (
				42B89647252FD18D00269F87 /* Info.plist */,
				42B89648252FD18D00269F87 /* macOS.entitlements */,
				428E059E253022730076BA0D /* AdaptView.swift */,
				42FE1561253034A400AE121B /* View+Navigation.swift */,
			);
			path = macOS;
			sourceTree = "<group>";
		};
		42B89650252FD18D00269F87 /* Tests iOS */ = {
			isa = PBXGroup;
			children = (
				42B89651252FD18D00269F87 /* Tests_iOS.swift */,
				42B89653252FD18D00269F87 /* Info.plist */,
			);
			path = "Tests iOS";
			sourceTree = "<group>";
		};
		42B8965B252FD18D00269F87 /* Tests macOS */ = {
			isa = PBXGroup;
			children = (
				42B8965C252FD18D00269F87 /* Tests_macOS.swift */,
				42B8965E252FD18D00269F87 /* Info.plist */,
			);
			path = "Tests macOS";
			sourceTree = "<group>";
		};
		42B8985E252FDF3F00269F87 /* Preview Content */ = {
			isa = PBXGroup;
			children = (
				42B8985F252FDF3F00269F87 /* Preview Assets.xcassets */,
			);
			path = "Preview Content";
			sourceTree = "<group>";
		};
		42FE151F25302A1F00AE121B /* Models */ = {
			isa = PBXGroup;
			children = (
				42FE152125302A2D00AE121B /* ApiDetailData.swift */,
				42FE152225302A2D00AE121B /* LinkData.swift */,
				42FE152025302A2D00AE121B /* EndPointEditData.swift */,
			);
			path = Models;
			sourceTree = "<group>";
		};
		42FE153925302F3600AE121B /* Navigation */ = {
			isa = PBXGroup;
			children = (
				42FE154A253030CE00AE121B /* AppTabNavigation.swift */,
				42FE1549253030CE00AE121B /* ContentView.swift */,
				42FE1548253030CE00AE121B /* SideBarTabNavigation.swift */,
			);
			path = Navigation;
			sourceTree = "<group>";
		};
		42FE15552530325700AE121B /* Setting */ = {
			isa = PBXGroup;
			children = (
				42FE15562530326100AE121B /* SettingView.swift */,
			);
			path = Setting;
			sourceTree = "<group>";
		};
/* End PBXGroup section */

/* Begin PBXNativeTarget section */
		42B8963C252FD18D00269F87 /* Link (iOS) */ = {
			isa = PBXNativeTarget;
			buildConfigurationList = 42B8966B252FD18D00269F87 /* Build configuration list for PBXNativeTarget "Link (iOS)" */;
			buildPhases = (
				42B89639252FD18D00269F87 /* Sources */,
				42B8963A252FD18D00269F87 /* Frameworks */,
				42B8963B252FD18D00269F87 /* Resources */,
			);
			buildRules = (
			);
			dependencies = (
			);
			name = "Link (iOS)";
			packageProductDependencies = (
				42B897A7252FDAC400269F87 /* SwiftyJSON */,
				428E0644253026A90076BA0D /* SwiftUICharts */,
			);
			productName = "Link (iOS)";
			productReference = 42B8963D252FD18D00269F87 /* Link.app */;
			productType = "com.apple.product-type.application";
		};
		42B89644252FD18D00269F87 /* Link (macOS) */ = {
			isa = PBXNativeTarget;
			buildConfigurationList = 42B8966E252FD18D00269F87 /* Build configuration list for PBXNativeTarget "Link (macOS)" */;
			buildPhases = (
				42B89641252FD18D00269F87 /* Sources */,
				42B89642252FD18D00269F87 /* Frameworks */,
				42B89643252FD18D00269F87 /* Resources */,
			);
			buildRules = (
			);
			dependencies = (
			);
			name = "Link (macOS)";
			packageProductDependencies = (
				428E064A253026B30076BA0D /* SwiftUICharts */,
			);
			productName = "Link (macOS)";
			productReference = 42B89645252FD18D00269F87 /* Link.app */;
			productType = "com.apple.product-type.application";
		};
		42B8964C252FD18D00269F87 /* Tests iOS */ = {
			isa = PBXNativeTarget;
			buildConfigurationList = 42B89671252FD18D00269F87 /* Build configuration list for PBXNativeTarget "Tests iOS" */;
			buildPhases = (
				42B89649252FD18D00269F87 /* Sources */,
				42B8964A252FD18D00269F87 /* Frameworks */,
				42B8964B252FD18D00269F87 /* Resources */,
			);
			buildRules = (
			);
			dependencies = (
				42B8964F252FD18D00269F87 /* PBXTargetDependency */,
			);
			name = "Tests iOS";
			productName = "Tests iOS";
			productReference = 42B8964D252FD18D00269F87 /* Tests iOS.xctest */;
			productType = "com.apple.product-type.bundle.ui-testing";
		};
		42B89657252FD18D00269F87 /* Tests macOS */ = {
			isa = PBXNativeTarget;
			buildConfigurationList = 42B89674252FD18D00269F87 /* Build configuration list for PBXNativeTarget "Tests macOS" */;
			buildPhases = (
				42B89654252FD18D00269F87 /* Sources */,
				42B89655252FD18D00269F87 /* Frameworks */,
				42B89656252FD18D00269F87 /* Resources */,
			);
			buildRules = (
			);
			dependencies = (
				42B8965A252FD18D00269F87 /* PBXTargetDependency */,
			);
			name = "Tests macOS";
			productName = "Tests macOS";
			productReference = 42B89658252FD18D00269F87 /* Tests macOS.xctest */;
			productType = "com.apple.product-type.bundle.ui-testing";
		};
/* End PBXNativeTarget section */

/* Begin PBXProject section */
		42B8962E252FD18C00269F87 /* Project object */ = {
			isa = PBXProject;
			attributes = {
				LastSwiftUpdateCheck = 1220;
				LastUpgradeCheck = 1220;
				TargetAttributes = {
					42B8963C252FD18D00269F87 = {
						CreatedOnToolsVersion = 12.2;
					};
					42B89644252FD18D00269F87 = {
						CreatedOnToolsVersion = 12.2;
					};
					42B8964C252FD18D00269F87 = {
						CreatedOnToolsVersion = 12.2;
						TestTargetID = 42B8963C252FD18D00269F87;
					};
					42B89657252FD18D00269F87 = {
						CreatedOnToolsVersion = 12.2;
						TestTargetID = 42B89644252FD18D00269F87;
					};
				};
			};
			buildConfigurationList = 42B89631252FD18C00269F87 /* Build configuration list for PBXProject "Link" */;
			compatibilityVersion = "Xcode 9.3";
			developmentRegion = en;
			hasScannedForEncodings = 0;
			knownRegions = (
				en,
				Base,
			);
			mainGroup = 42B8962D252FD18C00269F87;
			packageReferences = (
				42B897A6252FDAC400269F87 /* XCRemoteSwiftPackageReference "SwiftyJSON" */,
				428E0643253026A90076BA0D /* XCRemoteSwiftPackageReference "ChartView" */,
			);
			productRefGroup = 42B8963E252FD18D00269F87 /* Products */;
			projectDirPath = "";
			projectRoot = "";
			targets = (
				42B8963C252FD18D00269F87 /* Link (iOS) */,
				42B89644252FD18D00269F87 /* Link (macOS) */,
				42B8964C252FD18D00269F87 /* Tests iOS */,
				42B89657252FD18D00269F87 /* Tests macOS */,
			);
		};
/* End PBXProject section */

/* Begin PBXResourcesBuildPhase section */
		42B8963B252FD18D00269F87 /* Resources */ = {
			isa = PBXResourcesBuildPhase;
			buildActionMask = 2147483647;
			files = (
				42B89867252FDF3F00269F87 /* InfoPlist.strings in Resources */,
				42FE156D2530350300AE121B /* Assets.xcassets in Resources */,
				42B89903252FDF3F00269F87 /* Preview Assets.xcassets in Resources */,
			);
			runOnlyForDeploymentPostprocessing = 0;
		};
		42B89643252FD18D00269F87 /* Resources */ = {
			isa = PBXResourcesBuildPhase;
			buildActionMask = 2147483647;
			files = (
				42B89868252FDF3F00269F87 /* InfoPlist.strings in Resources */,
				42FE156E2530350300AE121B /* Assets.xcassets in Resources */,
				42B89904252FDF3F00269F87 /* Preview Assets.xcassets in Resources */,
			);
			runOnlyForDeploymentPostprocessing = 0;
		};
		42B8964B252FD18D00269F87 /* Resources */ = {
			isa = PBXResourcesBuildPhase;
			buildActionMask = 2147483647;
			files = (
			);
			runOnlyForDeploymentPostprocessing = 0;
		};
		42B89656252FD18D00269F87 /* Resources */ = {
			isa = PBXResourcesBuildPhase;
			buildActionMask = 2147483647;
			files = (
			);
			runOnlyForDeploymentPostprocessing = 0;
		};
/* End PBXResourcesBuildPhase section */

/* Begin PBXSourcesBuildPhase section */
		42B89639252FD18D00269F87 /* Sources */ = {
			isa = PBXSourcesBuildPhase;
			buildActionMask = 2147483647;
			files = (
				4240CA6F253003240027AC99 /* TestView.swift in Sources */,
				4240CA5F253003240027AC99 /* ApiListItemView.swift in Sources */,
				4240CA49253003240027AC99 /* RecordDetailMonitorView.swift in Sources */,
				4240CA45253003240027AC99 /* RecordDetailSummaryView.swift in Sources */,
				4240C9E1252FFB660027AC99 /* ScanLogDetail.swift in Sources */,
				4240C9A7252FFAC10027AC99 /* SwiftyJSON.swift in Sources */,
				4240C993252FFAC10027AC99 /* CoreData.swift in Sources */,
				4240C9A5252FFAC10027AC99 /* LoginManager.swift in Sources */,
				4240C987252FFAC10027AC99 /* ApiHelper.swift in Sources */,
				42FE154F253030CE00AE121B /* AppTabNavigation.swift in Sources */,
				4240CA57253003240027AC99 /* HistoryView.swift in Sources */,
				4240C999252FFAC10027AC99 /* EntityExtension.swift in Sources */,
				4240C9B1252FFAC10027AC99 /* Loadable.swift in Sources */,
				4240CA71253003240027AC99 /* EndPointDetailView.swift in Sources */,
				4240CA22253003140027AC99 /* EmptyEndPointListView.swift in Sources */,
				4240CA63253003240027AC99 /* RecordDetailResponseView.swift in Sources */,
				42FE152325302A2D00AE121B /* EndPointEditData.swift in Sources */,
				4240CA6B253003240027AC99 /* ApiDetailView.swift in Sources */,
				4240C9E7252FFB660027AC99 /* ScanLog.swift in Sources */,
				4240C9AF252FFAC10027AC99 /* View.swift in Sources */,
				4240CA13253003040027AC99 /* RequestProfileView.swift in Sources */,
				4240CA0B253002F20027AC99 /* LoadableLoadingView.swift in Sources */,
				4240CA55253003240027AC99 /* DurationHistoryDetailView.swift in Sources */,
				4240C9AD252FFAC10027AC99 /* DataSource.swift in Sources */,
				4240C99F252FFAC10027AC99 /* Text.swift in Sources */,
				4240C99B252FFAC10027AC99 /* Time.swift in Sources */,
				4240CA67253003240027AC99 /* ReadOnlyApiDetailView.swift in Sources */,
				42FE15572530326100AE121B /* SettingView.swift in Sources */,
				4240C989252FFAC10027AC99 /* BackendAgent.swift in Sources */,
				4240C99D252FFAC10027AC99 /* Tools.swift in Sources */,
				4240CA59253003240027AC99 /* MonitorHistoryView.swift in Sources */,
				4240CA5D253003240027AC99 /* JSONView.swift in Sources */,
				4240C995252FFAC10027AC99 /* List.swift in Sources */,
				4240C9A3252FFAC10027AC99 /* JSON.swift in Sources */,
				4240CA03253002F20027AC99 /* EmptyView.swift in Sources */,
				4240CA24253003140027AC99 /* DomainStatisticsBlockView.swift in Sources */,
				4240CA43253003240027AC99 /* ApiListView.swift in Sources */,
				4240CA51253003240027AC99 /* RecordDetailTextView.swift in Sources */,
				4240CA4D253003240027AC99 /* MonitorHistoryDetailView.swift in Sources */,
				4240CA1E253003140027AC99 /* DomainDashboardView.swift in Sources */,
				4240C9A9252FFAC10027AC99 /* Debug.swift in Sources */,
				42FE154D253030CE00AE121B /* ContentView.swift in Sources */,
				4240CA69253003240027AC99 /* RecordDetailJSONView.swift in Sources */,
				42B89665252FD18D00269F87 /* Persistence.swift in Sources */,
				4240C98D252FFAC10027AC99 /* Extentsion.swift in Sources */,
				4240CA05253002F20027AC99 /* LoadableTemplateView.swift in Sources */,
				4240C9B3252FFAC10027AC99 /* URL.swift in Sources */,
				428E0598253021DE0076BA0D /* LinkModel.xcdatamodeld in Sources */,
				4240C98F252FFAC10027AC99 /* BackendAgent+Request.swift in Sources */,
				4240C9AB252FFAC10027AC99 /* File.swift in Sources */,
				4240C9E5252FFB660027AC99 /* RecordItem.swift in Sources */,
				42FE154B253030CE00AE121B /* SideBarTabNavigation.swift in Sources */,
				4240CA6D253003240027AC99 /* RecordDetailRequestView.swift in Sources */,
				4240CA5B253003240027AC99 /* EndPointEditView.swift in Sources */,
				4240CA47253003240027AC99 /* InfoRow.swift in Sources */,
				42B89661252FD18D00269F87 /* LinkApp.swift in Sources */,
				4240CA20253003140027AC99 /* EndPointListView.swift in Sources */,
				42FE152425302A2D00AE121B /* ApiDetailData.swift in Sources */,
				4240CA65253003240027AC99 /* RecordDetailView.swift in Sources */,
				42FE152525302A2D00AE121B /* LinkData.swift in Sources */,
				4240C997252FFAC10027AC99 /* Mock.swift in Sources */,
				4240CA09253002F20027AC99 /* LoadableFailedView.swift in Sources */,
				4240CA53253003240027AC99 /* ApiSectionView.swift in Sources */,
				4240C991252FFAC10027AC99 /* HealthChecker.swift in Sources */,
				4240CA4B253003240027AC99 /* DurationHistoryView.swift in Sources */,
				4240CA07253002F20027AC99 /* LoadableView.swift in Sources */,
				4240C9A1252FFAC10027AC99 /* HistoryData.swift in Sources */,
				4240C98B252FFAC10027AC99 /* Preview.swift in Sources */,
				4240C9E3252FFB660027AC99 /* EndPoint.swift in Sources */,
			);
			runOnlyForDeploymentPostprocessing = 0;
		};
		42B89641252FD18D00269F87 /* Sources */ = {
			isa = PBXSourcesBuildPhase;
			buildActionMask = 2147483647;
			files = (
				42FE152E25302B0300AE121B /* ApiDetailData.swift in Sources */,
				42FE152F25302B0300AE121B /* LinkData.swift in Sources */,
				42FE153025302B0300AE121B /* EndPointEditData.swift in Sources */,
				4240CA70253003240027AC99 /* TestView.swift in Sources */,
				4240CA60253003240027AC99 /* ApiListItemView.swift in Sources */,
				4240CA4A253003240027AC99 /* RecordDetailMonitorView.swift in Sources */,
				4240CA46253003240027AC99 /* RecordDetailSummaryView.swift in Sources */,
				4240C9E2252FFB660027AC99 /* ScanLogDetail.swift in Sources */,
				4240C9A8252FFAC10027AC99 /* SwiftyJSON.swift in Sources */,
				4240C994252FFAC10027AC99 /* CoreData.swift in Sources */,
				4240C9A6252FFAC10027AC99 /* LoginManager.swift in Sources */,
				4240C988252FFAC10027AC99 /* ApiHelper.swift in Sources */,
				4240CA58253003240027AC99 /* HistoryView.swift in Sources */,
				4240C99A252FFAC10027AC99 /* EntityExtension.swift in Sources */,
				4240C9B2252FFAC10027AC99 /* Loadable.swift in Sources */,
				4240CA72253003240027AC99 /* EndPointDetailView.swift in Sources */,
				4240CA23253003140027AC99 /* EmptyEndPointListView.swift in Sources */,
				4240CA64253003240027AC99 /* RecordDetailResponseView.swift in Sources */,
				4240CA6C253003240027AC99 /* ApiDetailView.swift in Sources */,
				4240C9E8252FFB660027AC99 /* ScanLog.swift in Sources */,
				4240C9B0252FFAC10027AC99 /* View.swift in Sources */,
				428E05A0253022730076BA0D /* AdaptView.swift in Sources */,
				4240CA14253003040027AC99 /* RequestProfileView.swift in Sources */,
				4240CA0C253002F20027AC99 /* LoadableLoadingView.swift in Sources */,
				4240CA56253003240027AC99 /* DurationHistoryDetailView.swift in Sources */,
				4240C9AE252FFAC10027AC99 /* DataSource.swift in Sources */,
				4240C9A0252FFAC10027AC99 /* Text.swift in Sources */,
				4240C99C252FFAC10027AC99 /* Time.swift in Sources */,
				4240CA68253003240027AC99 /* ReadOnlyApiDetailView.swift in Sources */,
				42FE154C253030CE00AE121B /* SideBarTabNavigation.swift in Sources */,
				4240C98A252FFAC10027AC99 /* BackendAgent.swift in Sources */,
				42FE15582530326100AE121B /* SettingView.swift in Sources */,
				4240C99E252FFAC10027AC99 /* Tools.swift in Sources */,
				4240CA5A253003240027AC99 /* MonitorHistoryView.swift in Sources */,
				4240CA5E253003240027AC99 /* JSONView.swift in Sources */,
				4240C996252FFAC10027AC99 /* List.swift in Sources */,
				4240C9A4252FFAC10027AC99 /* JSON.swift in Sources */,
				4240CA04253002F20027AC99 /* EmptyView.swift in Sources */,
				4240CA25253003140027AC99 /* DomainStatisticsBlockView.swift in Sources */,
				4240CA44253003240027AC99 /* ApiListView.swift in Sources */,
				4240CA52253003240027AC99 /* RecordDetailTextView.swift in Sources */,
				4240CA4E253003240027AC99 /* MonitorHistoryDetailView.swift in Sources */,
				42FE1550253030CE00AE121B /* AppTabNavigation.swift in Sources */,
				4240CA1F253003140027AC99 /* DomainDashboardView.swift in Sources */,
				4240C9AA252FFAC10027AC99 /* Debug.swift in Sources */,
				4240CA6A253003240027AC99 /* RecordDetailJSONView.swift in Sources */,
				42B89666252FD18D00269F87 /* Persistence.swift in Sources */,
				4240C98E252FFAC10027AC99 /* Extentsion.swift in Sources */,
				4240CA06253002F20027AC99 /* LoadableTemplateView.swift in Sources */,
				4240C9B4252FFAC10027AC99 /* URL.swift in Sources */,
				428E0599253021DE0076BA0D /* LinkModel.xcdatamodeld in Sources */,
				4240C990252FFAC10027AC99 /* BackendAgent+Request.swift in Sources */,
				4240C9AC252FFAC10027AC99 /* File.swift in Sources */,
				4240C9E6252FFB660027AC99 /* RecordItem.swift in Sources */,
				4240CA6E253003240027AC99 /* RecordDetailRequestView.swift in Sources */,
				4240CA5C253003240027AC99 /* EndPointEditView.swift in Sources */,
				4240CA48253003240027AC99 /* InfoRow.swift in Sources */,
				42B89662252FD18D00269F87 /* LinkApp.swift in Sources */,
				4240CA21253003140027AC99 /* EndPointListView.swift in Sources */,
				4240CA66253003240027AC99 /* RecordDetailView.swift in Sources */,
				42FE154E253030CE00AE121B /* ContentView.swift in Sources */,
				4240C998252FFAC10027AC99 /* Mock.swift in Sources */,
				4240CA0A253002F20027AC99 /* LoadableFailedView.swift in Sources */,
				4240CA54253003240027AC99 /* ApiSectionView.swift in Sources */,
				4240C992252FFAC10027AC99 /* HealthChecker.swift in Sources */,
				4240CA4C253003240027AC99 /* DurationHistoryView.swift in Sources */,
				4240CA08253002F20027AC99 /* LoadableView.swift in Sources */,
				42FE1563253034A400AE121B /* View+Navigation.swift in Sources */,
				4240C9A2252FFAC10027AC99 /* HistoryData.swift in Sources */,
				4240C98C252FFAC10027AC99 /* Preview.swift in Sources */,
				4240C9E4252FFB660027AC99 /* EndPoint.swift in Sources */,
			);
			runOnlyForDeploymentPostprocessing = 0;
		};
		42B89649252FD18D00269F87 /* Sources */ = {
			isa = PBXSourcesBuildPhase;
			buildActionMask = 2147483647;
			files = (
				42B89652252FD18D00269F87 /* Tests_iOS.swift in Sources */,
			);
			runOnlyForDeploymentPostprocessing = 0;
		};
		42B89654252FD18D00269F87 /* Sources */ = {
			isa = PBXSourcesBuildPhase;
			buildActionMask = 2147483647;
			files = (
				42B8965D252FD18D00269F87 /* Tests_macOS.swift in Sources */,
			);
			runOnlyForDeploymentPostprocessing = 0;
		};
/* End PBXSourcesBuildPhase section */

/* Begin PBXTargetDependency section */
		42B8964F252FD18D00269F87 /* PBXTargetDependency */ = {
			isa = PBXTargetDependency;
			target = 42B8963C252FD18D00269F87 /* Link (iOS) */;
			targetProxy = 42B8964E252FD18D00269F87 /* PBXContainerItemProxy */;
		};
		42B8965A252FD18D00269F87 /* PBXTargetDependency */ = {
			isa = PBXTargetDependency;
			target = 42B89644252FD18D00269F87 /* Link (macOS) */;
			targetProxy = 42B89659252FD18D00269F87 /* PBXContainerItemProxy */;
		};
/* End PBXTargetDependency section */

/* Begin XCBuildConfiguration section */
		42B89669252FD18D00269F87 /* Debug */ = {
			isa = XCBuildConfiguration;
			buildSettings = {
				ALWAYS_SEARCH_USER_PATHS = NO;
				CLANG_ANALYZER_NONNULL = YES;
				CLANG_ANALYZER_NUMBER_OBJECT_CONVERSION = YES_AGGRESSIVE;
				CLANG_CXX_LANGUAGE_STANDARD = "gnu++14";
				CLANG_CXX_LIBRARY = "libc++";
				CLANG_ENABLE_MODULES = YES;
				CLANG_ENABLE_OBJC_ARC = YES;
				CLANG_ENABLE_OBJC_WEAK = YES;
				CLANG_WARN_BLOCK_CAPTURE_AUTORELEASING = YES;
				CLANG_WARN_BOOL_CONVERSION = YES;
				CLANG_WARN_COMMA = YES;
				CLANG_WARN_CONSTANT_CONVERSION = YES;
				CLANG_WARN_DEPRECATED_OBJC_IMPLEMENTATIONS = YES;
				CLANG_WARN_DIRECT_OBJC_ISA_USAGE = YES_ERROR;
				CLANG_WARN_DOCUMENTATION_COMMENTS = YES;
				CLANG_WARN_EMPTY_BODY = YES;
				CLANG_WARN_ENUM_CONVERSION = YES;
				CLANG_WARN_INFINITE_RECURSION = YES;
				CLANG_WARN_INT_CONVERSION = YES;
				CLANG_WARN_NON_LITERAL_NULL_CONVERSION = YES;
				CLANG_WARN_OBJC_IMPLICIT_RETAIN_SELF = YES;
				CLANG_WARN_OBJC_LITERAL_CONVERSION = YES;
				CLANG_WARN_OBJC_ROOT_CLASS = YES_ERROR;
				CLANG_WARN_QUOTED_INCLUDE_IN_FRAMEWORK_HEADER = YES;
				CLANG_WARN_RANGE_LOOP_ANALYSIS = YES;
				CLANG_WARN_STRICT_PROTOTYPES = YES;
				CLANG_WARN_SUSPICIOUS_MOVE = YES;
				CLANG_WARN_UNGUARDED_AVAILABILITY = YES_AGGRESSIVE;
				CLANG_WARN_UNREACHABLE_CODE = YES;
				CLANG_WARN__DUPLICATE_METHOD_MATCH = YES;
				COPY_PHASE_STRIP = NO;
				DEBUG_INFORMATION_FORMAT = dwarf;
				ENABLE_STRICT_OBJC_MSGSEND = YES;
				ENABLE_TESTABILITY = YES;
				GCC_C_LANGUAGE_STANDARD = gnu11;
				GCC_DYNAMIC_NO_PIC = NO;
				GCC_NO_COMMON_BLOCKS = YES;
				GCC_OPTIMIZATION_LEVEL = 0;
				GCC_PREPROCESSOR_DEFINITIONS = (
					"DEBUG=1",
					"$(inherited)",
				);
				GCC_WARN_64_TO_32_BIT_CONVERSION = YES;
				GCC_WARN_ABOUT_RETURN_TYPE = YES_ERROR;
				GCC_WARN_UNDECLARED_SELECTOR = YES;
				GCC_WARN_UNINITIALIZED_AUTOS = YES_AGGRESSIVE;
				GCC_WARN_UNUSED_FUNCTION = YES;
				GCC_WARN_UNUSED_VARIABLE = YES;
				MTL_ENABLE_DEBUG_INFO = INCLUDE_SOURCE;
				MTL_FAST_MATH = YES;
				ONLY_ACTIVE_ARCH = YES;
				SWIFT_ACTIVE_COMPILATION_CONDITIONS = DEBUG;
				SWIFT_OPTIMIZATION_LEVEL = "-Onone";
			};
			name = Debug;
		};
		42B8966A252FD18D00269F87 /* Release */ = {
			isa = XCBuildConfiguration;
			buildSettings = {
				ALWAYS_SEARCH_USER_PATHS = NO;
				CLANG_ANALYZER_NONNULL = YES;
				CLANG_ANALYZER_NUMBER_OBJECT_CONVERSION = YES_AGGRESSIVE;
				CLANG_CXX_LANGUAGE_STANDARD = "gnu++14";
				CLANG_CXX_LIBRARY = "libc++";
				CLANG_ENABLE_MODULES = YES;
				CLANG_ENABLE_OBJC_ARC = YES;
				CLANG_ENABLE_OBJC_WEAK = YES;
				CLANG_WARN_BLOCK_CAPTURE_AUTORELEASING = YES;
				CLANG_WARN_BOOL_CONVERSION = YES;
				CLANG_WARN_COMMA = YES;
				CLANG_WARN_CONSTANT_CONVERSION = YES;
				CLANG_WARN_DEPRECATED_OBJC_IMPLEMENTATIONS = YES;
				CLANG_WARN_DIRECT_OBJC_ISA_USAGE = YES_ERROR;
				CLANG_WARN_DOCUMENTATION_COMMENTS = YES;
				CLANG_WARN_EMPTY_BODY = YES;
				CLANG_WARN_ENUM_CONVERSION = YES;
				CLANG_WARN_INFINITE_RECURSION = YES;
				CLANG_WARN_INT_CONVERSION = YES;
				CLANG_WARN_NON_LITERAL_NULL_CONVERSION = YES;
				CLANG_WARN_OBJC_IMPLICIT_RETAIN_SELF = YES;
				CLANG_WARN_OBJC_LITERAL_CONVERSION = YES;
				CLANG_WARN_OBJC_ROOT_CLASS = YES_ERROR;
				CLANG_WARN_QUOTED_INCLUDE_IN_FRAMEWORK_HEADER = YES;
				CLANG_WARN_RANGE_LOOP_ANALYSIS = YES;
				CLANG_WARN_STRICT_PROTOTYPES = YES;
				CLANG_WARN_SUSPICIOUS_MOVE = YES;
				CLANG_WARN_UNGUARDED_AVAILABILITY = YES_AGGRESSIVE;
				CLANG_WARN_UNREACHABLE_CODE = YES;
				CLANG_WARN__DUPLICATE_METHOD_MATCH = YES;
				COPY_PHASE_STRIP = NO;
				DEBUG_INFORMATION_FORMAT = "dwarf-with-dsym";
				ENABLE_NS_ASSERTIONS = NO;
				ENABLE_STRICT_OBJC_MSGSEND = YES;
				GCC_C_LANGUAGE_STANDARD = gnu11;
				GCC_NO_COMMON_BLOCKS = YES;
				GCC_WARN_64_TO_32_BIT_CONVERSION = YES;
				GCC_WARN_ABOUT_RETURN_TYPE = YES_ERROR;
				GCC_WARN_UNDECLARED_SELECTOR = YES;
				GCC_WARN_UNINITIALIZED_AUTOS = YES_AGGRESSIVE;
				GCC_WARN_UNUSED_FUNCTION = YES;
				GCC_WARN_UNUSED_VARIABLE = YES;
				MTL_ENABLE_DEBUG_INFO = NO;
				MTL_FAST_MATH = YES;
				SWIFT_COMPILATION_MODE = wholemodule;
				SWIFT_OPTIMIZATION_LEVEL = "-O";
			};
			name = Release;
		};
		42B8966C252FD18D00269F87 /* Debug */ = {
			isa = XCBuildConfiguration;
			buildSettings = {
				ASSETCATALOG_COMPILER_APPICON_NAME = AppIcon;
				ASSETCATALOG_COMPILER_GLOBAL_ACCENT_COLOR_NAME = AccentColor;
				CODE_SIGN_STYLE = Automatic;
				DEVELOPMENT_TEAM = S833P2K5YV;
				ENABLE_PREVIEWS = YES;
				INFOPLIST_FILE = iOS/Info.plist;
				IPHONEOS_DEPLOYMENT_TARGET = 14.0;
				LD_RUNPATH_SEARCH_PATHS = (
					"$(inherited)",
					"@executable_path/Frameworks",
				);
				PRODUCT_BUNDLE_IDENTIFIER = com.bettycc.Link;
				PRODUCT_NAME = Link;
				SDKROOT = iphoneos;
				SWIFT_VERSION = 5.0;
				TARGETED_DEVICE_FAMILY = "1,2";
			};
			name = Debug;
		};
		42B8966D252FD18D00269F87 /* Release */ = {
			isa = XCBuildConfiguration;
			buildSettings = {
				ASSETCATALOG_COMPILER_APPICON_NAME = AppIcon;
				ASSETCATALOG_COMPILER_GLOBAL_ACCENT_COLOR_NAME = AccentColor;
				CODE_SIGN_STYLE = Automatic;
				DEVELOPMENT_TEAM = S833P2K5YV;
				ENABLE_PREVIEWS = YES;
				INFOPLIST_FILE = iOS/Info.plist;
				IPHONEOS_DEPLOYMENT_TARGET = 14.0;
				LD_RUNPATH_SEARCH_PATHS = (
					"$(inherited)",
					"@executable_path/Frameworks",
				);
				PRODUCT_BUNDLE_IDENTIFIER = com.bettycc.Link;
				PRODUCT_NAME = Link;
				SDKROOT = iphoneos;
				SWIFT_VERSION = 5.0;
				TARGETED_DEVICE_FAMILY = "1,2";
				VALIDATE_PRODUCT = YES;
			};
			name = Release;
		};
		42B8966F252FD18D00269F87 /* Debug */ = {
			isa = XCBuildConfiguration;
			buildSettings = {
				ASSETCATALOG_COMPILER_APPICON_NAME = AppIcon;
				ASSETCATALOG_COMPILER_GLOBAL_ACCENT_COLOR_NAME = AccentColor;
				CODE_SIGN_ENTITLEMENTS = macOS/macOS.entitlements;
				CODE_SIGN_STYLE = Automatic;
				COMBINE_HIDPI_IMAGES = YES;
				DEVELOPMENT_TEAM = S833P2K5YV;
				ENABLE_HARDENED_RUNTIME = YES;
				ENABLE_PREVIEWS = YES;
				INFOPLIST_FILE = macOS/Info.plist;
				LD_RUNPATH_SEARCH_PATHS = (
					"$(inherited)",
					"@executable_path/../Frameworks",
				);
				MACOSX_DEPLOYMENT_TARGET = 11.0;
				PRODUCT_BUNDLE_IDENTIFIER = com.bettycc.Link;
				PRODUCT_NAME = Link;
				SDKROOT = macosx;
				SWIFT_VERSION = 5.0;
			};
			name = Debug;
		};
		42B89670252FD18D00269F87 /* Release */ = {
			isa = XCBuildConfiguration;
			buildSettings = {
				ASSETCATALOG_COMPILER_APPICON_NAME = AppIcon;
				ASSETCATALOG_COMPILER_GLOBAL_ACCENT_COLOR_NAME = AccentColor;
				CODE_SIGN_ENTITLEMENTS = LinkRelease.entitlements;
				CODE_SIGN_STYLE = Automatic;
				COMBINE_HIDPI_IMAGES = YES;
				DEVELOPMENT_TEAM = S833P2K5YV;
				ENABLE_HARDENED_RUNTIME = YES;
				ENABLE_PREVIEWS = YES;
				INFOPLIST_FILE = macOS/Info.plist;
				LD_RUNPATH_SEARCH_PATHS = (
					"$(inherited)",
					"@executable_path/../Frameworks",
				);
				MACOSX_DEPLOYMENT_TARGET = 11.0;
				PRODUCT_BUNDLE_IDENTIFIER = com.bettycc.Link;
				PRODUCT_NAME = Link;
				SDKROOT = macosx;
				SWIFT_VERSION = 5.0;
			};
			name = Release;
		};
		42B89672252FD18D00269F87 /* Debug */ = {
			isa = XCBuildConfiguration;
			buildSettings = {
				ALWAYS_EMBED_SWIFT_STANDARD_LIBRARIES = YES;
				CODE_SIGN_STYLE = Automatic;
				DEVELOPMENT_TEAM = S833P2K5YV;
				INFOPLIST_FILE = "Tests iOS/Info.plist";
				IPHONEOS_DEPLOYMENT_TARGET = 14.2;
				LD_RUNPATH_SEARCH_PATHS = (
					"$(inherited)",
					"@executable_path/Frameworks",
					"@loader_path/Frameworks",
				);
				PRODUCT_BUNDLE_IDENTIFIER = "com.bettycc.Tests-iOS";
				PRODUCT_NAME = "$(TARGET_NAME)";
				SDKROOT = iphoneos;
				SWIFT_VERSION = 5.0;
				TARGETED_DEVICE_FAMILY = "1,2";
				TEST_TARGET_NAME = "Link (iOS)";
			};
			name = Debug;
		};
		42B89673252FD18D00269F87 /* Release */ = {
			isa = XCBuildConfiguration;
			buildSettings = {
				ALWAYS_EMBED_SWIFT_STANDARD_LIBRARIES = YES;
				CODE_SIGN_STYLE = Automatic;
				DEVELOPMENT_TEAM = S833P2K5YV;
				INFOPLIST_FILE = "Tests iOS/Info.plist";
				IPHONEOS_DEPLOYMENT_TARGET = 14.2;
				LD_RUNPATH_SEARCH_PATHS = (
					"$(inherited)",
					"@executable_path/Frameworks",
					"@loader_path/Frameworks",
				);
				PRODUCT_BUNDLE_IDENTIFIER = "com.bettycc.Tests-iOS";
				PRODUCT_NAME = "$(TARGET_NAME)";
				SDKROOT = iphoneos;
				SWIFT_VERSION = 5.0;
				TARGETED_DEVICE_FAMILY = "1,2";
				TEST_TARGET_NAME = "Link (iOS)";
				VALIDATE_PRODUCT = YES;
			};
			name = Release;
		};
		42B89675252FD18D00269F87 /* Debug */ = {
			isa = XCBuildConfiguration;
			buildSettings = {
				ALWAYS_EMBED_SWIFT_STANDARD_LIBRARIES = YES;
				CODE_SIGN_STYLE = Automatic;
				COMBINE_HIDPI_IMAGES = YES;
				DEVELOPMENT_TEAM = S833P2K5YV;
				INFOPLIST_FILE = "Tests macOS/Info.plist";
				LD_RUNPATH_SEARCH_PATHS = (
					"$(inherited)",
					"@executable_path/../Frameworks",
					"@loader_path/../Frameworks",
				);
				MACOSX_DEPLOYMENT_TARGET = 11.0;
				PRODUCT_BUNDLE_IDENTIFIER = "com.bettycc.Tests-macOS";
				PRODUCT_NAME = "$(TARGET_NAME)";
				SDKROOT = macosx;
				SWIFT_VERSION = 5.0;
				TEST_TARGET_NAME = "Link (macOS)";
			};
			name = Debug;
		};
		42B89676252FD18D00269F87 /* Release */ = {
			isa = XCBuildConfiguration;
			buildSettings = {
				ALWAYS_EMBED_SWIFT_STANDARD_LIBRARIES = YES;
				CODE_SIGN_STYLE = Automatic;
				COMBINE_HIDPI_IMAGES = YES;
				DEVELOPMENT_TEAM = S833P2K5YV;
				INFOPLIST_FILE = "Tests macOS/Info.plist";
				LD_RUNPATH_SEARCH_PATHS = (
					"$(inherited)",
					"@executable_path/../Frameworks",
					"@loader_path/../Frameworks",
				);
				MACOSX_DEPLOYMENT_TARGET = 11.0;
				PRODUCT_BUNDLE_IDENTIFIER = "com.bettycc.Tests-macOS";
				PRODUCT_NAME = "$(TARGET_NAME)";
				SDKROOT = macosx;
				SWIFT_VERSION = 5.0;
				TEST_TARGET_NAME = "Link (macOS)";
			};
			name = Release;
		};
/* End XCBuildConfiguration section */

/* Begin XCConfigurationList section */
		42B89631252FD18C00269F87 /* Build configuration list for PBXProject "Link" */ = {
			isa = XCConfigurationList;
			buildConfigurations = (
				42B89669252FD18D00269F87 /* Debug */,
				42B8966A252FD18D00269F87 /* Release */,
			);
			defaultConfigurationIsVisible = 0;
			defaultConfigurationName = Release;
		};
		42B8966B252FD18D00269F87 /* Build configuration list for PBXNativeTarget "Link (iOS)" */ = {
			isa = XCConfigurationList;
			buildConfigurations = (
				42B8966C252FD18D00269F87 /* Debug */,
				42B8966D252FD18D00269F87 /* Release */,
			);
			defaultConfigurationIsVisible = 0;
			defaultConfigurationName = Release;
		};
		42B8966E252FD18D00269F87 /* Build configuration list for PBXNativeTarget "Link (macOS)" */ = {
			isa = XCConfigurationList;
			buildConfigurations = (
				42B8966F252FD18D00269F87 /* Debug */,
				42B89670252FD18D00269F87 /* Release */,
			);
			defaultConfigurationIsVisible = 0;
			defaultConfigurationName = Release;
		};
		42B89671252FD18D00269F87 /* Build configuration list for PBXNativeTarget "Tests iOS" */ = {
			isa = XCConfigurationList;
			buildConfigurations = (
				42B89672252FD18D00269F87 /* Debug */,
				42B89673252FD18D00269F87 /* Release */,
			);
			defaultConfigurationIsVisible = 0;
			defaultConfigurationName = Release;
		};
		42B89674252FD18D00269F87 /* Build configuration list for PBXNativeTarget "Tests macOS" */ = {
			isa = XCConfigurationList;
			buildConfigurations = (
				42B89675252FD18D00269F87 /* Debug */,
				42B89676252FD18D00269F87 /* Release */,
			);
			defaultConfigurationIsVisible = 0;
			defaultConfigurationName = Release;
		};
/* End XCConfigurationList section */

/* Begin XCRemoteSwiftPackageReference section */
		428E0643253026A90076BA0D /* XCRemoteSwiftPackageReference "ChartView" */ = {
			isa = XCRemoteSwiftPackageReference;
			repositoryURL = "https://github.com/ufo22940268/ChartView.git";
			requirement = {
				branch = hotfix/overlay;
				kind = branch;
			};
		};
		42B897A6252FDAC400269F87 /* XCRemoteSwiftPackageReference "SwiftyJSON" */ = {
			isa = XCRemoteSwiftPackageReference;
			repositoryURL = "https://github.com/SwiftyJSON/SwiftyJSON";
			requirement = {
				kind = upToNextMajorVersion;
				minimumVersion = 5.0.0;
			};
		};
/* End XCRemoteSwiftPackageReference section */

/* Begin XCSwiftPackageProductDependency section */
		428E0644253026A90076BA0D /* SwiftUICharts */ = {
			isa = XCSwiftPackageProductDependency;
			package = 428E0643253026A90076BA0D /* XCRemoteSwiftPackageReference "ChartView" */;
			productName = SwiftUICharts;
		};
		428E064A253026B30076BA0D /* SwiftUICharts */ = {
			isa = XCSwiftPackageProductDependency;
			package = 428E0643253026A90076BA0D /* XCRemoteSwiftPackageReference "ChartView" */;
			productName = SwiftUICharts;
		};
		42B897A7252FDAC400269F87 /* SwiftyJSON */ = {
			isa = XCSwiftPackageProductDependency;
			package = 42B897A6252FDAC400269F87 /* XCRemoteSwiftPackageReference "SwiftyJSON" */;
			productName = SwiftyJSON;
		};
/* End XCSwiftPackageProductDependency section */

/* Begin XCVersionGroup section */
		428E0595253021DE0076BA0D /* LinkModel.xcdatamodeld */ = {
			isa = XCVersionGroup;
			children = (
				428E0596253021DE0076BA0D /* LinkModel.xcdatamodel */,
				428E0597253021DE0076BA0D /* Domain.xcdatamodel */,
			);
			currentVersion = 428E0596253021DE0076BA0D /* LinkModel.xcdatamodel */;
			path = LinkModel.xcdatamodeld;
			sourceTree = "<group>";
			versionGroupType = wrapper.xcdatamodel;
		};
/* End XCVersionGroup section */
	};
	rootObject = 42B8962E252FD18C00269F87 /* Project object */;
}
